
Microsoft Visual Studio Solution File, Format Version 11.00
# Visual Studio 2010
Project("{FAE04EC0-301F-11D3-BF4B-00C04F79EFBC}") = "QSProjectsLib", "QSProjectsLib\QSProjectsLib.csproj", "{A6C1914F-7732-49F5-BABA-8BBBA521FAAB}"
EndProject
Project("{FAE04EC0-301F-11D3-BF4B-00C04F79EFBC}") = "QSWidgetLib", "QSWidgetLib\QSWidgetLib.csproj", "{5A2BB01E-E124-432E-8099-D1343D3897B9}"
EndProject
Project("{2150E333-8FDC-42A3-9474-1A3956D46DE8}") = "Modules", "Modules", "{4467A4F1-8949-4130-9D61-71C2B5700530}"
EndProject
Project("{FAE04EC0-301F-11D3-BF4B-00C04F79EFBC}") = "QSCustomFields", "Modules\CustomFields\QSCustomFields.csproj", "{6F734571-AD4F-4D8A-8CF0-1D94394889A3}"
EndProject
Project("{FAE04EC0-301F-11D3-BF4B-00C04F79EFBC}") = "QSAttachment", "Modules\QSAttachment\QSAttachment.csproj", "{AED7339A-4A71-4063-9C67-0D54821230A3}"
EndProject
Project("{FAE04EC0-301F-11D3-BF4B-00C04F79EFBC}") = "QSBanks", "Modules\QSBanks\QSBanks.csproj", "{D21C0F94-5B1B-49E1-A5B0-50C3F99287E2}"
EndProject
Project("{FAE04EC0-301F-11D3-BF4B-00C04F79EFBC}") = "QSBusinessCommon", "Modules\QSBusinessCommon\QSBusinessCommon.csproj", "{AD329D59-938D-42AC-ABE2-B0F14FDBB7C6}"
EndProject
Project("{FAE04EC0-301F-11D3-BF4B-00C04F79EFBC}") = "QSDocTemplates", "Modules\QSDocTemplates\QSDocTemplates.csproj", "{55CD5E7C-3164-4A5D-9DA8-F29F5E9D170C}"
EndProject
Project("{FAE04EC0-301F-11D3-BF4B-00C04F79EFBC}") = "QSCurrency", "Modules\QSCurrency\QSCurrency.csproj", "{EB71A9A6-2A91-49B5-B8E1-B4B7049B039D}"
EndProject
Project("{FAE04EC0-301F-11D3-BF4B-00C04F79EFBC}") = "QSOrmProject", "QSOrmProject\QSOrmProject.csproj", "{00D32969-612C-417E-9565-BEC6A7719F80}"
EndProject
Project("{FAE04EC0-301F-11D3-BF4B-00C04F79EFBC}") = "QSScan", "QSScan\QSScan.csproj", "{DB2EEB00-FF15-4AF8-887D-E3261C31B173}"
EndProject
Project("{2150E333-8FDC-42A3-9474-1A3956D46DE8}") = "External", "External", "{99D0EADB-C40D-4BF9-BDE0-0293E9A5E0F9}"
EndProject
Project("{FAE04EC0-301F-11D3-BF4B-00C04F79EFBC}") = "System.Data.Bindings", "..\Gtk.DataBindings\System.Data.Bindings\System.Data.Bindings.csproj", "{54F958F5-7E58-4C89-9A04-8835E63B97C3}"
EndProject
Project("{FAE04EC0-301F-11D3-BF4B-00C04F79EFBC}") = "Gtk.DataBindings", "..\Gtk.DataBindings\Gtk.DataBindings.csproj", "{8D85E430-325A-4532-A123-BF28F9644DB4}"
EndProject
Project("{2150E333-8FDC-42A3-9474-1A3956D46DE8}") = "MajorSilenceReporting", "MajorSilenceReporting", "{B171BCCF-638F-4ECC-A3E2-32393232C451}"
EndProject
Project("{FAE04EC0-301F-11D3-BF4B-00C04F79EFBC}") = "RdlGtkViewer", "..\My-FyiReporting\RdlGtkViewer\RdlGtkViewer\RdlGtkViewer.csproj", "{921488F1-F4FC-4438-920E-86E57442B253}"
EndProject
Project("{FAE04EC0-301F-11D3-BF4B-00C04F79EFBC}") = "RdlEngine", "..\My-FyiReporting\RdlEngine\RdlEngine.csproj", "{C97E91F4-B310-44E2-9B6C-96775395722D}"
EndProject
Project("{FAE04EC0-301F-11D3-BF4B-00C04F79EFBC}") = "DataProviders", "..\My-FyiReporting\DataProviders\DataProviders.csproj", "{D9F4197F-52D2-49F0-8DAF-E2884733CF2D}"
EndProject
Project("{FAE04EC0-301F-11D3-BF4B-00C04F79EFBC}") = "RdlCri", "..\My-FyiReporting\RdlCri\RdlCri.csproj", "{9C9ECACA-0DEB-4517-8CF1-02C3D3EB128E}"
EndProject
Project("{2150E333-8FDC-42A3-9474-1A3956D46DE8}") = "GammaBinding", "GammaBinding", "{C47D4BD7-10AF-42F5-9B58-12AF2E7A4C54}"
EndProject
Project("{FAE04EC0-301F-11D3-BF4B-00C04F79EFBC}") = "GammaBinding", "..\GammaBinding\GammaBinding\GammaBinding.csproj", "{190CEA0D-EA23-4C91-8030-203A5AFED7B7}"
EndProject
Project("{FAE04EC0-301F-11D3-BF4B-00C04F79EFBC}") = "GammaUtil", "..\GammaBinding\GammaUtil\GammaUtil.csproj", "{1BF2A638-420D-456C-96A7-36873A0FB894}"
EndProject
Project("{FAE04EC0-301F-11D3-BF4B-00C04F79EFBC}") = "QSSaaS", "QSSaaS\QSSaaS.csproj", "{4B502FE5-D419-4B5C-9276-0A25EF2F508A}"
EndProject
Project("{FAE04EC0-301F-11D3-BF4B-00C04F79EFBC}") = "QS.Updater.Gtk", "QS.Updater.Gtk\QS.Updater.Gtk.csproj", "{6D755374-6EAF-44B6-8C6C-6FE5E5AB3432}"
EndProject
Project("{FAE04EC0-301F-11D3-BF4B-00C04F79EFBC}") = "QS.HistoryLog.Gtk", "QS.HistoryLog.Gtk\QS.HistoryLog.Gtk.csproj", "{1C3B49FC-372C-46F7-995F-EEB44474E2DE}"
EndProject
Project("{FAE04EC0-301F-11D3-BF4B-00C04F79EFBC}") = "QSReport", "QSReport\QSReport.csproj", "{9C0363D4-EE69-45B8-BA45-BDA24CE35A06}"
EndProject
Project("{FAE04EC0-301F-11D3-BF4B-00C04F79EFBC}") = "QSOsm", "QSOsm\QSOsm.csproj", "{5CFB297D-4964-4CBD-9102-A5E795BE7B85}"
EndProject
Project("{FAE04EC0-301F-11D3-BF4B-00C04F79EFBC}") = "QSOsmBaseScripts", "QSOsmBaseScripts\QSOsmBaseScripts.csproj", "{F8B5CAD4-FC68-4F30-A1EF-1B532CED74AC}"
EndProject
Project("{FAE04EC0-301F-11D3-BF4B-00C04F79EFBC}") = "QSExtraGammaWidgets", "QSExtraGammaWidgets\QSExtraGammaWidgets.csproj", "{3DCDD84A-20D0-4939-BE25-58B19F3961F2}"
EndProject
Project("{FAE04EC0-301F-11D3-BF4B-00C04F79EFBC}") = "QSTelemetry", "QSTelemetry\QSTelemetry.csproj", "{EB4F19F8-2CC9-4712-9949-760A441A56FE}"
EndProject
Project("{FAE04EC0-301F-11D3-BF4B-00C04F79EFBC}") = "QS.Project", "QS.Project\QS.Project.csproj", "{28A78143-42E3-40E7-86F5-DD7E1679BE86}"
EndProject
Project("{FAE04EC0-301F-11D3-BF4B-00C04F79EFBC}") = "QS.Utilities", "QS.Utilities\QS.Utilities.csproj", "{E2228A2B-4883-4DD8-8A05-23501F7B8A33}"
EndProject
Project("{FAE04EC0-301F-11D3-BF4B-00C04F79EFBC}") = "QS.Report", "QS.Report\QS.Report.csproj", "{D30A23BF-C5DC-4A1B-95FC-9C2038D46E8E}"
EndProject
Project("{FAE04EC0-301F-11D3-BF4B-00C04F79EFBC}") = "QS.Project.Gtk", "QS.Project.Gtk\QS.Project.Gtk.csproj", "{3C0F3944-CBD5-4BD6-83D4-CF33AD6FC68C}"
EndProject
Project("{FAE04EC0-301F-11D3-BF4B-00C04F79EFBC}") = "QS.Testing", "QS.Testing\QS.Testing.csproj", "{BA8E8ACF-ECB0-4617-9E09-D1BE93992D0E}"
EndProject
Project("{FAE04EC0-301F-11D3-BF4B-00C04F79EFBC}") = "QS.HistoryLog", "QS.HistoryLog\QS.HistoryLog.csproj", "{3D3D6700-C625-46C5-9702-5F010A8DD035}"
EndProject
Project("{FAE04EC0-301F-11D3-BF4B-00C04F79EFBC}") = "QS.LibsTest", "QS.LibsTest\QS.LibsTest.csproj", "{D9A6C0FA-CCD4-48DA-ADC0-AACC9068FCC9}"
EndProject
Project("{FAE04EC0-301F-11D3-BF4B-00C04F79EFBC}") = "QS.Updater", "QS.Updater\QS.Updater.csproj", "{0F2A9FD4-6FC1-4912-9C8A-72028305A37E}"
EndProject
Project("{FAE04EC0-301F-11D3-BF4B-00C04F79EFBC}") = "QS.Banks", "Modules\QS.Banks\QS.Banks.csproj", "{301F793C-130B-44EB-A45D-60D5F040B0AD}"
EndProject
Project("{FAE04EC0-301F-11D3-BF4B-00C04F79EFBC}") = "QS.BusinessCommon", "Modules\QS.BusinessCommon\QS.BusinessCommon.csproj", "{F22749B2-E35B-455D-BD8D-081373B16FC7}"
EndProject
Project("{FAE04EC0-301F-11D3-BF4B-00C04F79EFBC}") = "QS.Report.Gtk", "QS.Report.Gtk\QS.Report.Gtk.csproj", "{42708CEE-08D8-43D5-AFE0-9992EB46E9F9}"
EndProject
Project("{FAE04EC0-301F-11D3-BF4B-00C04F79EFBC}") = "QS.DocTemplates", "QS.DocTemplates\QS.DocTemplates.csproj", "{6A9581B0-7278-4F8D-B5EA-8C60BDDC55D8}"
EndProject
Project("{FAE04EC0-301F-11D3-BF4B-00C04F79EFBC}") = "QS.Osm", "QS.Osm\QS.Osm.csproj", "{72968EF4-2127-45C7-9BFE-2470DACDDC3E}"
EndProject
Project("{FAE04EC0-301F-11D3-BF4B-00C04F79EFBC}") = "Gamma.Utilities.Gtk", "..\GammaBinding\Gamma.Utilities.Gtk\Gamma.Utilities.Gtk.csproj", "{5735D438-792E-40CE-BAFD-25814C8879BC}"
EndProject
Project("{FAE04EC0-301F-11D3-BF4B-00C04F79EFBC}") = "QS.NewsFeed", "QS.NewsFeed\QS.NewsFeed.csproj", "{9EBC7EFD-CD37-45D3-97AB-24CB38D986B6}"
EndProject
Project("{FAE04EC0-301F-11D3-BF4B-00C04F79EFBC}") = "QS.NewsFeed.Gtk", "QS.NewsFeed.Gtk\QS.NewsFeed.Gtk.csproj", "{76858A6F-44D1-44E0-B9F3-B80B1B96AD25}"
EndProject
Project("{FAE04EC0-301F-11D3-BF4B-00C04F79EFBC}") = "QS.MachineConfig", "QS.MachineConfig\QS.MachineConfig.csproj", "{769710D2-BF98-4120-9E07-67BD740CFA1D}"
EndProject
Project("{FAE04EC0-301F-11D3-BF4B-00C04F79EFBC}") = "QS.Features", "QS.Features\QS.Features.csproj", "{8984DB2F-4849-4F5B-915C-CE69537E93A8}"
EndProject
Project("{FAE04EC0-301F-11D3-BF4B-00C04F79EFBC}") = "QS.Features.Gtk", "QS.Features.Gtk\QS.Features.Gtk.csproj", "{13970AEE-1019-4962-A8C7-899D350E0F10}"
EndProject
Project("{FAE04EC0-301F-11D3-BF4B-00C04F79EFBC}") = "QS.Updater.Core", "QS.Updater.Core\QS.Updater.Core.csproj", "{BC159BA7-EF22-4800-AC34-DE4B2B386AAE}"
EndProject
Project("{FAE04EC0-301F-11D3-BF4B-00C04F79EFBC}") = "QS.Project.Core", "QS.Project.Core\QS.Project.Core.csproj", "{C01AE5A4-3CFF-4C7B-884D-45B07ACDE761}"
EndProject
Project("{FAE04EC0-301F-11D3-BF4B-00C04F79EFBC}") = "QS.Project.Desktop", "QS.Project.Desktop\QS.Project.Desktop.csproj", "{5EF2A7DA-3886-4809-95DF-880BD783A211}"
EndProject
Project("{FAE04EC0-301F-11D3-BF4B-00C04F79EFBC}") = "QS.LibsTest.Core", "QS.LibsTest.Core\QS.LibsTest.Core.csproj", "{CD7C5CDE-F402-4BA8-952B-9CCEFD1BD648}"
EndProject
Global
	GlobalSection(SolutionConfigurationPlatforms) = preSolution
		Debug|Any CPU = Debug|Any CPU
		Release|Any CPU = Release|Any CPU
		Debug|x86 = Debug|x86
		Release|x86 = Release|x86
		Debug|x64 = Debug|x64
		Release|x64 = Release|x64
		BundleLinux|Any CPU = BundleLinux|Any CPU
		BundleLinux|x86 = BundleLinux|x86
		BundleLinux|x64 = BundleLinux|x64
		Debug-OLD_BINDINGS|Any CPU = Debug-OLD_BINDINGS|Any CPU
	EndGlobalSection
	GlobalSection(ProjectConfigurationPlatforms) = postSolution
		{00D32969-612C-417E-9565-BEC6A7719F80}.BundleLinux|Any CPU.ActiveCfg = Debug|Any CPU
		{00D32969-612C-417E-9565-BEC6A7719F80}.BundleLinux|Any CPU.Build.0 = Debug|Any CPU
		{00D32969-612C-417E-9565-BEC6A7719F80}.BundleLinux|x64.ActiveCfg = Debug|Any CPU
		{00D32969-612C-417E-9565-BEC6A7719F80}.BundleLinux|x64.Build.0 = Debug|Any CPU
		{00D32969-612C-417E-9565-BEC6A7719F80}.BundleLinux|x86.ActiveCfg = Debug|Any CPU
		{00D32969-612C-417E-9565-BEC6A7719F80}.BundleLinux|x86.Build.0 = Debug|Any CPU
		{00D32969-612C-417E-9565-BEC6A7719F80}.Debug|Any CPU.ActiveCfg = Debug|Any CPU
		{00D32969-612C-417E-9565-BEC6A7719F80}.Debug|Any CPU.Build.0 = Debug|Any CPU
		{00D32969-612C-417E-9565-BEC6A7719F80}.Debug|x64.ActiveCfg = Debug|Any CPU
		{00D32969-612C-417E-9565-BEC6A7719F80}.Debug|x64.Build.0 = Debug|Any CPU
		{00D32969-612C-417E-9565-BEC6A7719F80}.Debug|x86.ActiveCfg = Debug|Any CPU
		{00D32969-612C-417E-9565-BEC6A7719F80}.Debug|x86.Build.0 = Debug|Any CPU
		{00D32969-612C-417E-9565-BEC6A7719F80}.Debug-OLD_BINDINGS|Any CPU.ActiveCfg = Debug-OldBindings|Any CPU
		{00D32969-612C-417E-9565-BEC6A7719F80}.Debug-OLD_BINDINGS|Any CPU.Build.0 = Debug-OldBindings|Any CPU
		{00D32969-612C-417E-9565-BEC6A7719F80}.Release|Any CPU.ActiveCfg = Release|Any CPU
		{00D32969-612C-417E-9565-BEC6A7719F80}.Release|Any CPU.Build.0 = Release|Any CPU
		{00D32969-612C-417E-9565-BEC6A7719F80}.Release|x64.ActiveCfg = Release|Any CPU
		{00D32969-612C-417E-9565-BEC6A7719F80}.Release|x64.Build.0 = Release|Any CPU
		{00D32969-612C-417E-9565-BEC6A7719F80}.Release|x86.ActiveCfg = Release|Any CPU
		{00D32969-612C-417E-9565-BEC6A7719F80}.Release|x86.Build.0 = Release|Any CPU
		{190CEA0D-EA23-4C91-8030-203A5AFED7B7}.BundleLinux|Any CPU.ActiveCfg = Debug|Any CPU
		{190CEA0D-EA23-4C91-8030-203A5AFED7B7}.BundleLinux|Any CPU.Build.0 = Debug|Any CPU
		{190CEA0D-EA23-4C91-8030-203A5AFED7B7}.BundleLinux|x64.ActiveCfg = Debug|Any CPU
		{190CEA0D-EA23-4C91-8030-203A5AFED7B7}.BundleLinux|x64.Build.0 = Debug|Any CPU
		{190CEA0D-EA23-4C91-8030-203A5AFED7B7}.BundleLinux|x86.ActiveCfg = Debug|Any CPU
		{190CEA0D-EA23-4C91-8030-203A5AFED7B7}.BundleLinux|x86.Build.0 = Debug|Any CPU
		{190CEA0D-EA23-4C91-8030-203A5AFED7B7}.Debug|Any CPU.ActiveCfg = Debug|Any CPU
		{190CEA0D-EA23-4C91-8030-203A5AFED7B7}.Debug|Any CPU.Build.0 = Debug|Any CPU
		{190CEA0D-EA23-4C91-8030-203A5AFED7B7}.Debug|x64.ActiveCfg = Debug|Any CPU
		{190CEA0D-EA23-4C91-8030-203A5AFED7B7}.Debug|x64.Build.0 = Debug|Any CPU
		{190CEA0D-EA23-4C91-8030-203A5AFED7B7}.Debug|x86.ActiveCfg = Debug|Any CPU
		{190CEA0D-EA23-4C91-8030-203A5AFED7B7}.Debug|x86.Build.0 = Debug|Any CPU
		{190CEA0D-EA23-4C91-8030-203A5AFED7B7}.Debug-OLD_BINDINGS|Any CPU.ActiveCfg = Debug|Any CPU
		{190CEA0D-EA23-4C91-8030-203A5AFED7B7}.Debug-OLD_BINDINGS|Any CPU.Build.0 = Debug|Any CPU
		{190CEA0D-EA23-4C91-8030-203A5AFED7B7}.Release|Any CPU.ActiveCfg = Release|Any CPU
		{190CEA0D-EA23-4C91-8030-203A5AFED7B7}.Release|Any CPU.Build.0 = Release|Any CPU
		{190CEA0D-EA23-4C91-8030-203A5AFED7B7}.Release|x64.ActiveCfg = Release|Any CPU
		{190CEA0D-EA23-4C91-8030-203A5AFED7B7}.Release|x64.Build.0 = Release|Any CPU
		{190CEA0D-EA23-4C91-8030-203A5AFED7B7}.Release|x86.ActiveCfg = Release|Any CPU
		{190CEA0D-EA23-4C91-8030-203A5AFED7B7}.Release|x86.Build.0 = Release|Any CPU
		{1BF2A638-420D-456C-96A7-36873A0FB894}.BundleLinux|Any CPU.ActiveCfg = Debug|Any CPU
		{1BF2A638-420D-456C-96A7-36873A0FB894}.BundleLinux|Any CPU.Build.0 = Debug|Any CPU
		{1BF2A638-420D-456C-96A7-36873A0FB894}.BundleLinux|x64.ActiveCfg = Debug|Any CPU
		{1BF2A638-420D-456C-96A7-36873A0FB894}.BundleLinux|x64.Build.0 = Debug|Any CPU
		{1BF2A638-420D-456C-96A7-36873A0FB894}.BundleLinux|x86.ActiveCfg = Debug|Any CPU
		{1BF2A638-420D-456C-96A7-36873A0FB894}.BundleLinux|x86.Build.0 = Debug|Any CPU
		{1BF2A638-420D-456C-96A7-36873A0FB894}.Debug|Any CPU.ActiveCfg = Debug|Any CPU
		{1BF2A638-420D-456C-96A7-36873A0FB894}.Debug|Any CPU.Build.0 = Debug|Any CPU
		{1BF2A638-420D-456C-96A7-36873A0FB894}.Debug|x64.ActiveCfg = Debug|Any CPU
		{1BF2A638-420D-456C-96A7-36873A0FB894}.Debug|x64.Build.0 = Debug|Any CPU
		{1BF2A638-420D-456C-96A7-36873A0FB894}.Debug|x86.ActiveCfg = Debug|Any CPU
		{1BF2A638-420D-456C-96A7-36873A0FB894}.Debug|x86.Build.0 = Debug|Any CPU
		{1BF2A638-420D-456C-96A7-36873A0FB894}.Debug-OLD_BINDINGS|Any CPU.ActiveCfg = Debug|Any CPU
		{1BF2A638-420D-456C-96A7-36873A0FB894}.Debug-OLD_BINDINGS|Any CPU.Build.0 = Debug|Any CPU
		{1BF2A638-420D-456C-96A7-36873A0FB894}.Release|Any CPU.ActiveCfg = Release|Any CPU
		{1BF2A638-420D-456C-96A7-36873A0FB894}.Release|Any CPU.Build.0 = Release|Any CPU
		{1BF2A638-420D-456C-96A7-36873A0FB894}.Release|x64.ActiveCfg = Release|Any CPU
		{1BF2A638-420D-456C-96A7-36873A0FB894}.Release|x64.Build.0 = Release|Any CPU
		{1BF2A638-420D-456C-96A7-36873A0FB894}.Release|x86.ActiveCfg = Release|Any CPU
		{1BF2A638-420D-456C-96A7-36873A0FB894}.Release|x86.Build.0 = Release|Any CPU
		{1C3B49FC-372C-46F7-995F-EEB44474E2DE}.BundleLinux|Any CPU.ActiveCfg = Debug|Any CPU
		{1C3B49FC-372C-46F7-995F-EEB44474E2DE}.BundleLinux|Any CPU.Build.0 = Debug|Any CPU
		{1C3B49FC-372C-46F7-995F-EEB44474E2DE}.BundleLinux|x64.ActiveCfg = Debug|Any CPU
		{1C3B49FC-372C-46F7-995F-EEB44474E2DE}.BundleLinux|x64.Build.0 = Debug|Any CPU
		{1C3B49FC-372C-46F7-995F-EEB44474E2DE}.BundleLinux|x86.ActiveCfg = Debug|Any CPU
		{1C3B49FC-372C-46F7-995F-EEB44474E2DE}.BundleLinux|x86.Build.0 = Debug|Any CPU
		{1C3B49FC-372C-46F7-995F-EEB44474E2DE}.Debug|Any CPU.ActiveCfg = Debug|Any CPU
		{1C3B49FC-372C-46F7-995F-EEB44474E2DE}.Debug|x64.ActiveCfg = Debug|Any CPU
		{1C3B49FC-372C-46F7-995F-EEB44474E2DE}.Debug|x64.Build.0 = Debug|Any CPU
		{1C3B49FC-372C-46F7-995F-EEB44474E2DE}.Debug|x86.ActiveCfg = Debug|Any CPU
		{1C3B49FC-372C-46F7-995F-EEB44474E2DE}.Debug|x86.Build.0 = Debug|Any CPU
		{1C3B49FC-372C-46F7-995F-EEB44474E2DE}.Debug-OLD_BINDINGS|Any CPU.ActiveCfg = Debug|Any CPU
		{1C3B49FC-372C-46F7-995F-EEB44474E2DE}.Debug-OLD_BINDINGS|Any CPU.Build.0 = Debug|Any CPU
		{1C3B49FC-372C-46F7-995F-EEB44474E2DE}.Release|Any CPU.ActiveCfg = Release|Any CPU
		{1C3B49FC-372C-46F7-995F-EEB44474E2DE}.Release|Any CPU.Build.0 = Release|Any CPU
		{1C3B49FC-372C-46F7-995F-EEB44474E2DE}.Release|x64.ActiveCfg = Release|Any CPU
		{1C3B49FC-372C-46F7-995F-EEB44474E2DE}.Release|x64.Build.0 = Release|Any CPU
		{1C3B49FC-372C-46F7-995F-EEB44474E2DE}.Release|x86.ActiveCfg = Release|Any CPU
		{1C3B49FC-372C-46F7-995F-EEB44474E2DE}.Release|x86.Build.0 = Release|Any CPU
		{1C3B49FC-372C-46F7-995F-EEB44474E2DE}.Debug|Any CPU.Build.0 = Debug|Any CPU
		{4B502FE5-D419-4B5C-9276-0A25EF2F508A}.BundleLinux|Any CPU.ActiveCfg = Debug|x86
		{4B502FE5-D419-4B5C-9276-0A25EF2F508A}.BundleLinux|Any CPU.Build.0 = Debug|x86
		{4B502FE5-D419-4B5C-9276-0A25EF2F508A}.BundleLinux|x64.ActiveCfg = Debug|x86
		{4B502FE5-D419-4B5C-9276-0A25EF2F508A}.BundleLinux|x64.Build.0 = Debug|x86
		{4B502FE5-D419-4B5C-9276-0A25EF2F508A}.BundleLinux|x86.ActiveCfg = Debug|x86
		{4B502FE5-D419-4B5C-9276-0A25EF2F508A}.BundleLinux|x86.Build.0 = Debug|x86
		{4B502FE5-D419-4B5C-9276-0A25EF2F508A}.Debug|Any CPU.ActiveCfg = Debug|x86
		{4B502FE5-D419-4B5C-9276-0A25EF2F508A}.Debug|Any CPU.Build.0 = Debug|x86
		{4B502FE5-D419-4B5C-9276-0A25EF2F508A}.Debug|x64.ActiveCfg = Debug|x86
		{4B502FE5-D419-4B5C-9276-0A25EF2F508A}.Debug|x64.Build.0 = Debug|x86
		{4B502FE5-D419-4B5C-9276-0A25EF2F508A}.Debug|x86.ActiveCfg = Debug|x86
		{4B502FE5-D419-4B5C-9276-0A25EF2F508A}.Debug|x86.Build.0 = Debug|x86
		{4B502FE5-D419-4B5C-9276-0A25EF2F508A}.Debug-OLD_BINDINGS|Any CPU.ActiveCfg = Debug|x86
		{4B502FE5-D419-4B5C-9276-0A25EF2F508A}.Debug-OLD_BINDINGS|Any CPU.Build.0 = Debug|x86
		{4B502FE5-D419-4B5C-9276-0A25EF2F508A}.Release|Any CPU.ActiveCfg = Release|x86
		{4B502FE5-D419-4B5C-9276-0A25EF2F508A}.Release|Any CPU.Build.0 = Release|x86
		{4B502FE5-D419-4B5C-9276-0A25EF2F508A}.Release|x64.ActiveCfg = Release|x86
		{4B502FE5-D419-4B5C-9276-0A25EF2F508A}.Release|x64.Build.0 = Release|x86
		{4B502FE5-D419-4B5C-9276-0A25EF2F508A}.Release|x86.ActiveCfg = Release|x86
		{4B502FE5-D419-4B5C-9276-0A25EF2F508A}.Release|x86.Build.0 = Release|x86
		{54F958F5-7E58-4C89-9A04-8835E63B97C3}.BundleLinux|Any CPU.ActiveCfg = Debug|Any CPU
		{54F958F5-7E58-4C89-9A04-8835E63B97C3}.BundleLinux|Any CPU.Build.0 = Debug|Any CPU
		{54F958F5-7E58-4C89-9A04-8835E63B97C3}.BundleLinux|x64.ActiveCfg = Debug|Any CPU
		{54F958F5-7E58-4C89-9A04-8835E63B97C3}.BundleLinux|x64.Build.0 = Debug|Any CPU
		{54F958F5-7E58-4C89-9A04-8835E63B97C3}.BundleLinux|x86.ActiveCfg = Debug|Any CPU
		{54F958F5-7E58-4C89-9A04-8835E63B97C3}.BundleLinux|x86.Build.0 = Debug|Any CPU
		{54F958F5-7E58-4C89-9A04-8835E63B97C3}.Debug|Any CPU.ActiveCfg = Debug|Any CPU
		{54F958F5-7E58-4C89-9A04-8835E63B97C3}.Debug|Any CPU.Build.0 = Debug|Any CPU
		{54F958F5-7E58-4C89-9A04-8835E63B97C3}.Debug|x64.ActiveCfg = Debug|Any CPU
		{54F958F5-7E58-4C89-9A04-8835E63B97C3}.Debug|x64.Build.0 = Debug|Any CPU
		{54F958F5-7E58-4C89-9A04-8835E63B97C3}.Debug|x86.ActiveCfg = Debug|Any CPU
		{54F958F5-7E58-4C89-9A04-8835E63B97C3}.Debug|x86.Build.0 = Debug|Any CPU
		{54F958F5-7E58-4C89-9A04-8835E63B97C3}.Debug-OLD_BINDINGS|Any CPU.ActiveCfg = Debug|Any CPU
		{54F958F5-7E58-4C89-9A04-8835E63B97C3}.Debug-OLD_BINDINGS|Any CPU.Build.0 = Debug|Any CPU
		{54F958F5-7E58-4C89-9A04-8835E63B97C3}.Release|Any CPU.ActiveCfg = Release|Any CPU
		{54F958F5-7E58-4C89-9A04-8835E63B97C3}.Release|Any CPU.Build.0 = Release|Any CPU
		{54F958F5-7E58-4C89-9A04-8835E63B97C3}.Release|x64.ActiveCfg = Release|Any CPU
		{54F958F5-7E58-4C89-9A04-8835E63B97C3}.Release|x64.Build.0 = Release|Any CPU
		{54F958F5-7E58-4C89-9A04-8835E63B97C3}.Release|x86.ActiveCfg = Release|Any CPU
		{54F958F5-7E58-4C89-9A04-8835E63B97C3}.Release|x86.Build.0 = Release|Any CPU
		{55CD5E7C-3164-4A5D-9DA8-F29F5E9D170C}.BundleLinux|Any CPU.ActiveCfg = Debug|Any CPU
		{55CD5E7C-3164-4A5D-9DA8-F29F5E9D170C}.BundleLinux|Any CPU.Build.0 = Debug|Any CPU
		{55CD5E7C-3164-4A5D-9DA8-F29F5E9D170C}.BundleLinux|x64.ActiveCfg = Debug|Any CPU
		{55CD5E7C-3164-4A5D-9DA8-F29F5E9D170C}.BundleLinux|x64.Build.0 = Debug|Any CPU
		{55CD5E7C-3164-4A5D-9DA8-F29F5E9D170C}.BundleLinux|x86.ActiveCfg = Debug|Any CPU
		{55CD5E7C-3164-4A5D-9DA8-F29F5E9D170C}.BundleLinux|x86.Build.0 = Debug|Any CPU
		{55CD5E7C-3164-4A5D-9DA8-F29F5E9D170C}.Debug|Any CPU.ActiveCfg = Debug|Any CPU
		{55CD5E7C-3164-4A5D-9DA8-F29F5E9D170C}.Debug|Any CPU.Build.0 = Debug|Any CPU
		{55CD5E7C-3164-4A5D-9DA8-F29F5E9D170C}.Debug|x64.ActiveCfg = Debug|Any CPU
		{55CD5E7C-3164-4A5D-9DA8-F29F5E9D170C}.Debug|x64.Build.0 = Debug|Any CPU
		{55CD5E7C-3164-4A5D-9DA8-F29F5E9D170C}.Debug|x86.ActiveCfg = Debug|Any CPU
		{55CD5E7C-3164-4A5D-9DA8-F29F5E9D170C}.Debug|x86.Build.0 = Debug|Any CPU
		{55CD5E7C-3164-4A5D-9DA8-F29F5E9D170C}.Debug-OLD_BINDINGS|Any CPU.ActiveCfg = Debug|Any CPU
		{55CD5E7C-3164-4A5D-9DA8-F29F5E9D170C}.Debug-OLD_BINDINGS|Any CPU.Build.0 = Debug|Any CPU
		{55CD5E7C-3164-4A5D-9DA8-F29F5E9D170C}.Release|Any CPU.ActiveCfg = Release|Any CPU
		{55CD5E7C-3164-4A5D-9DA8-F29F5E9D170C}.Release|Any CPU.Build.0 = Release|Any CPU
		{55CD5E7C-3164-4A5D-9DA8-F29F5E9D170C}.Release|x64.ActiveCfg = Release|Any CPU
		{55CD5E7C-3164-4A5D-9DA8-F29F5E9D170C}.Release|x64.Build.0 = Release|Any CPU
		{55CD5E7C-3164-4A5D-9DA8-F29F5E9D170C}.Release|x86.ActiveCfg = Release|Any CPU
		{55CD5E7C-3164-4A5D-9DA8-F29F5E9D170C}.Release|x86.Build.0 = Release|Any CPU
		{5A2BB01E-E124-432E-8099-D1343D3897B9}.BundleLinux|Any CPU.ActiveCfg = Debug|Any CPU
		{5A2BB01E-E124-432E-8099-D1343D3897B9}.BundleLinux|Any CPU.Build.0 = Debug|Any CPU
		{5A2BB01E-E124-432E-8099-D1343D3897B9}.BundleLinux|x64.ActiveCfg = Debug|Any CPU
		{5A2BB01E-E124-432E-8099-D1343D3897B9}.BundleLinux|x64.Build.0 = Debug|Any CPU
		{5A2BB01E-E124-432E-8099-D1343D3897B9}.BundleLinux|x86.ActiveCfg = Debug|Any CPU
		{5A2BB01E-E124-432E-8099-D1343D3897B9}.BundleLinux|x86.Build.0 = Debug|Any CPU
		{5A2BB01E-E124-432E-8099-D1343D3897B9}.Debug|Any CPU.ActiveCfg = Debug|Any CPU
		{5A2BB01E-E124-432E-8099-D1343D3897B9}.Debug|Any CPU.Build.0 = Debug|Any CPU
		{5A2BB01E-E124-432E-8099-D1343D3897B9}.Debug|x64.ActiveCfg = Debug|Any CPU
		{5A2BB01E-E124-432E-8099-D1343D3897B9}.Debug|x64.Build.0 = Debug|Any CPU
		{5A2BB01E-E124-432E-8099-D1343D3897B9}.Debug|x86.ActiveCfg = Debug|Any CPU
		{5A2BB01E-E124-432E-8099-D1343D3897B9}.Debug|x86.Build.0 = Debug|Any CPU
		{5A2BB01E-E124-432E-8099-D1343D3897B9}.Debug-OLD_BINDINGS|Any CPU.ActiveCfg = Debug|Any CPU
		{5A2BB01E-E124-432E-8099-D1343D3897B9}.Debug-OLD_BINDINGS|Any CPU.Build.0 = Debug|Any CPU
		{5A2BB01E-E124-432E-8099-D1343D3897B9}.Release|Any CPU.ActiveCfg = Release|Any CPU
		{5A2BB01E-E124-432E-8099-D1343D3897B9}.Release|Any CPU.Build.0 = Release|Any CPU
		{5A2BB01E-E124-432E-8099-D1343D3897B9}.Release|x64.ActiveCfg = Release|Any CPU
		{5A2BB01E-E124-432E-8099-D1343D3897B9}.Release|x64.Build.0 = Release|Any CPU
		{5A2BB01E-E124-432E-8099-D1343D3897B9}.Release|x86.ActiveCfg = Release|Any CPU
		{5A2BB01E-E124-432E-8099-D1343D3897B9}.Release|x86.Build.0 = Release|Any CPU
		{5CFB297D-4964-4CBD-9102-A5E795BE7B85}.BundleLinux|Any CPU.ActiveCfg = Debug|Any CPU
		{5CFB297D-4964-4CBD-9102-A5E795BE7B85}.BundleLinux|Any CPU.Build.0 = Debug|Any CPU
		{5CFB297D-4964-4CBD-9102-A5E795BE7B85}.BundleLinux|x64.ActiveCfg = Debug|Any CPU
		{5CFB297D-4964-4CBD-9102-A5E795BE7B85}.BundleLinux|x64.Build.0 = Debug|Any CPU
		{5CFB297D-4964-4CBD-9102-A5E795BE7B85}.BundleLinux|x86.ActiveCfg = Debug|Any CPU
		{5CFB297D-4964-4CBD-9102-A5E795BE7B85}.BundleLinux|x86.Build.0 = Debug|Any CPU
		{5CFB297D-4964-4CBD-9102-A5E795BE7B85}.Debug|Any CPU.ActiveCfg = Debug|Any CPU
		{5CFB297D-4964-4CBD-9102-A5E795BE7B85}.Debug|Any CPU.Build.0 = Debug|Any CPU
		{5CFB297D-4964-4CBD-9102-A5E795BE7B85}.Debug|x64.ActiveCfg = Debug|Any CPU
		{5CFB297D-4964-4CBD-9102-A5E795BE7B85}.Debug|x64.Build.0 = Debug|Any CPU
		{5CFB297D-4964-4CBD-9102-A5E795BE7B85}.Debug|x86.ActiveCfg = Debug|Any CPU
		{5CFB297D-4964-4CBD-9102-A5E795BE7B85}.Debug|x86.Build.0 = Debug|Any CPU
		{5CFB297D-4964-4CBD-9102-A5E795BE7B85}.Debug-OLD_BINDINGS|Any CPU.ActiveCfg = Debug|Any CPU
		{5CFB297D-4964-4CBD-9102-A5E795BE7B85}.Debug-OLD_BINDINGS|Any CPU.Build.0 = Debug|Any CPU
		{5CFB297D-4964-4CBD-9102-A5E795BE7B85}.Release|Any CPU.ActiveCfg = Release|Any CPU
		{5CFB297D-4964-4CBD-9102-A5E795BE7B85}.Release|Any CPU.Build.0 = Release|Any CPU
		{5CFB297D-4964-4CBD-9102-A5E795BE7B85}.Release|x64.ActiveCfg = Release|Any CPU
		{5CFB297D-4964-4CBD-9102-A5E795BE7B85}.Release|x64.Build.0 = Release|Any CPU
		{5CFB297D-4964-4CBD-9102-A5E795BE7B85}.Release|x86.ActiveCfg = Release|Any CPU
		{5CFB297D-4964-4CBD-9102-A5E795BE7B85}.Release|x86.Build.0 = Release|Any CPU
		{6D755374-6EAF-44B6-8C6C-6FE5E5AB3432}.BundleLinux|Any CPU.ActiveCfg = Debug|x86
		{6D755374-6EAF-44B6-8C6C-6FE5E5AB3432}.BundleLinux|Any CPU.Build.0 = Debug|x86
		{6D755374-6EAF-44B6-8C6C-6FE5E5AB3432}.BundleLinux|x64.ActiveCfg = Debug|x86
		{6D755374-6EAF-44B6-8C6C-6FE5E5AB3432}.BundleLinux|x64.Build.0 = Debug|x86
		{6D755374-6EAF-44B6-8C6C-6FE5E5AB3432}.BundleLinux|x86.ActiveCfg = Debug|x86
		{6D755374-6EAF-44B6-8C6C-6FE5E5AB3432}.BundleLinux|x86.Build.0 = Debug|x86
		{6D755374-6EAF-44B6-8C6C-6FE5E5AB3432}.Debug|Any CPU.ActiveCfg = Debug|x86
		{6D755374-6EAF-44B6-8C6C-6FE5E5AB3432}.Debug|Any CPU.Build.0 = Debug|x86
		{6D755374-6EAF-44B6-8C6C-6FE5E5AB3432}.Debug|x64.ActiveCfg = Debug|x86
		{6D755374-6EAF-44B6-8C6C-6FE5E5AB3432}.Debug|x64.Build.0 = Debug|x86
		{6D755374-6EAF-44B6-8C6C-6FE5E5AB3432}.Debug|x86.ActiveCfg = Debug|x86
		{6D755374-6EAF-44B6-8C6C-6FE5E5AB3432}.Debug|x86.Build.0 = Debug|x86
		{6D755374-6EAF-44B6-8C6C-6FE5E5AB3432}.Debug-OLD_BINDINGS|Any CPU.ActiveCfg = Debug|x86
		{6D755374-6EAF-44B6-8C6C-6FE5E5AB3432}.Debug-OLD_BINDINGS|Any CPU.Build.0 = Debug|x86
		{6D755374-6EAF-44B6-8C6C-6FE5E5AB3432}.Release|Any CPU.ActiveCfg = Release|x86
		{6D755374-6EAF-44B6-8C6C-6FE5E5AB3432}.Release|Any CPU.Build.0 = Release|x86
		{6D755374-6EAF-44B6-8C6C-6FE5E5AB3432}.Release|x64.ActiveCfg = Release|x86
		{6D755374-6EAF-44B6-8C6C-6FE5E5AB3432}.Release|x64.Build.0 = Release|x86
		{6D755374-6EAF-44B6-8C6C-6FE5E5AB3432}.Release|x86.ActiveCfg = Release|x86
		{6D755374-6EAF-44B6-8C6C-6FE5E5AB3432}.Release|x86.Build.0 = Release|x86
		{6F734571-AD4F-4D8A-8CF0-1D94394889A3}.BundleLinux|Any CPU.ActiveCfg = Debug|Any CPU
		{6F734571-AD4F-4D8A-8CF0-1D94394889A3}.BundleLinux|Any CPU.Build.0 = Debug|Any CPU
		{6F734571-AD4F-4D8A-8CF0-1D94394889A3}.BundleLinux|x64.ActiveCfg = Debug|Any CPU
		{6F734571-AD4F-4D8A-8CF0-1D94394889A3}.BundleLinux|x64.Build.0 = Debug|Any CPU
		{6F734571-AD4F-4D8A-8CF0-1D94394889A3}.BundleLinux|x86.ActiveCfg = Debug|Any CPU
		{6F734571-AD4F-4D8A-8CF0-1D94394889A3}.BundleLinux|x86.Build.0 = Debug|Any CPU
		{6F734571-AD4F-4D8A-8CF0-1D94394889A3}.Debug|Any CPU.ActiveCfg = Debug|Any CPU
		{6F734571-AD4F-4D8A-8CF0-1D94394889A3}.Debug|Any CPU.Build.0 = Debug|Any CPU
		{6F734571-AD4F-4D8A-8CF0-1D94394889A3}.Debug|x64.ActiveCfg = Debug|Any CPU
		{6F734571-AD4F-4D8A-8CF0-1D94394889A3}.Debug|x64.Build.0 = Debug|Any CPU
		{6F734571-AD4F-4D8A-8CF0-1D94394889A3}.Debug|x86.ActiveCfg = Debug|Any CPU
		{6F734571-AD4F-4D8A-8CF0-1D94394889A3}.Debug|x86.Build.0 = Debug|Any CPU
		{6F734571-AD4F-4D8A-8CF0-1D94394889A3}.Debug-OLD_BINDINGS|Any CPU.ActiveCfg = Debug|Any CPU
		{6F734571-AD4F-4D8A-8CF0-1D94394889A3}.Debug-OLD_BINDINGS|Any CPU.Build.0 = Debug|Any CPU
		{6F734571-AD4F-4D8A-8CF0-1D94394889A3}.Release|Any CPU.ActiveCfg = Release|Any CPU
		{6F734571-AD4F-4D8A-8CF0-1D94394889A3}.Release|Any CPU.Build.0 = Release|Any CPU
		{6F734571-AD4F-4D8A-8CF0-1D94394889A3}.Release|x64.ActiveCfg = Release|Any CPU
		{6F734571-AD4F-4D8A-8CF0-1D94394889A3}.Release|x64.Build.0 = Release|Any CPU
		{6F734571-AD4F-4D8A-8CF0-1D94394889A3}.Release|x86.ActiveCfg = Release|Any CPU
		{6F734571-AD4F-4D8A-8CF0-1D94394889A3}.Release|x86.Build.0 = Release|Any CPU
		{8D85E430-325A-4532-A123-BF28F9644DB4}.BundleLinux|Any CPU.ActiveCfg = Debug|Any CPU
		{8D85E430-325A-4532-A123-BF28F9644DB4}.BundleLinux|Any CPU.Build.0 = Debug|Any CPU
		{8D85E430-325A-4532-A123-BF28F9644DB4}.BundleLinux|x64.ActiveCfg = Debug|Any CPU
		{8D85E430-325A-4532-A123-BF28F9644DB4}.BundleLinux|x64.Build.0 = Debug|Any CPU
		{8D85E430-325A-4532-A123-BF28F9644DB4}.BundleLinux|x86.ActiveCfg = Debug|Any CPU
		{8D85E430-325A-4532-A123-BF28F9644DB4}.BundleLinux|x86.Build.0 = Debug|Any CPU
		{8D85E430-325A-4532-A123-BF28F9644DB4}.Debug|Any CPU.ActiveCfg = Debug|Any CPU
		{8D85E430-325A-4532-A123-BF28F9644DB4}.Debug|x64.ActiveCfg = Debug|Any CPU
		{8D85E430-325A-4532-A123-BF28F9644DB4}.Debug|x64.Build.0 = Debug|Any CPU
		{8D85E430-325A-4532-A123-BF28F9644DB4}.Debug|x86.ActiveCfg = Debug|Any CPU
		{8D85E430-325A-4532-A123-BF28F9644DB4}.Debug|x86.Build.0 = Debug|Any CPU
		{8D85E430-325A-4532-A123-BF28F9644DB4}.Debug-OLD_BINDINGS|Any CPU.ActiveCfg = Debug|Any CPU
		{8D85E430-325A-4532-A123-BF28F9644DB4}.Debug-OLD_BINDINGS|Any CPU.Build.0 = Debug|Any CPU
		{8D85E430-325A-4532-A123-BF28F9644DB4}.Release|Any CPU.ActiveCfg = Release|Any CPU
		{8D85E430-325A-4532-A123-BF28F9644DB4}.Release|Any CPU.Build.0 = Release|Any CPU
		{8D85E430-325A-4532-A123-BF28F9644DB4}.Release|x64.ActiveCfg = Release|Any CPU
		{8D85E430-325A-4532-A123-BF28F9644DB4}.Release|x64.Build.0 = Release|Any CPU
		{8D85E430-325A-4532-A123-BF28F9644DB4}.Release|x86.ActiveCfg = Release|Any CPU
		{8D85E430-325A-4532-A123-BF28F9644DB4}.Release|x86.Build.0 = Release|Any CPU
		{921488F1-F4FC-4438-920E-86E57442B253}.BundleLinux|Any CPU.ActiveCfg = Debug|x86
		{921488F1-F4FC-4438-920E-86E57442B253}.BundleLinux|Any CPU.Build.0 = Debug|x86
		{921488F1-F4FC-4438-920E-86E57442B253}.BundleLinux|x64.ActiveCfg = Debug|x86
		{921488F1-F4FC-4438-920E-86E57442B253}.BundleLinux|x64.Build.0 = Debug|x86
		{921488F1-F4FC-4438-920E-86E57442B253}.BundleLinux|x86.ActiveCfg = Debug|x86
		{921488F1-F4FC-4438-920E-86E57442B253}.BundleLinux|x86.Build.0 = Debug|x86
		{921488F1-F4FC-4438-920E-86E57442B253}.Debug|Any CPU.ActiveCfg = Debug|x86
		{921488F1-F4FC-4438-920E-86E57442B253}.Debug|Any CPU.Build.0 = Debug|x86
		{921488F1-F4FC-4438-920E-86E57442B253}.Debug|x64.ActiveCfg = Debug|x86
		{921488F1-F4FC-4438-920E-86E57442B253}.Debug|x64.Build.0 = Debug|x86
		{921488F1-F4FC-4438-920E-86E57442B253}.Debug|x86.ActiveCfg = Debug|x86
		{921488F1-F4FC-4438-920E-86E57442B253}.Debug|x86.Build.0 = Debug|x86
		{921488F1-F4FC-4438-920E-86E57442B253}.Debug-OLD_BINDINGS|Any CPU.ActiveCfg = Debug|x86
		{921488F1-F4FC-4438-920E-86E57442B253}.Debug-OLD_BINDINGS|Any CPU.Build.0 = Debug|x86
		{921488F1-F4FC-4438-920E-86E57442B253}.Release|Any CPU.ActiveCfg = Release|x86
		{921488F1-F4FC-4438-920E-86E57442B253}.Release|Any CPU.Build.0 = Release|x86
		{921488F1-F4FC-4438-920E-86E57442B253}.Release|x64.ActiveCfg = Release|x86
		{921488F1-F4FC-4438-920E-86E57442B253}.Release|x64.Build.0 = Release|x86
		{921488F1-F4FC-4438-920E-86E57442B253}.Release|x86.ActiveCfg = Release|x86
		{921488F1-F4FC-4438-920E-86E57442B253}.Release|x86.Build.0 = Release|x86
		{9C0363D4-EE69-45B8-BA45-BDA24CE35A06}.BundleLinux|Any CPU.ActiveCfg = Debug|Any CPU
		{9C0363D4-EE69-45B8-BA45-BDA24CE35A06}.BundleLinux|Any CPU.Build.0 = Debug|Any CPU
		{9C0363D4-EE69-45B8-BA45-BDA24CE35A06}.BundleLinux|x64.ActiveCfg = Debug|Any CPU
		{9C0363D4-EE69-45B8-BA45-BDA24CE35A06}.BundleLinux|x64.Build.0 = Debug|Any CPU
		{9C0363D4-EE69-45B8-BA45-BDA24CE35A06}.BundleLinux|x86.ActiveCfg = Debug|Any CPU
		{9C0363D4-EE69-45B8-BA45-BDA24CE35A06}.BundleLinux|x86.Build.0 = Debug|Any CPU
		{9C0363D4-EE69-45B8-BA45-BDA24CE35A06}.Debug|Any CPU.ActiveCfg = Debug|Any CPU
		{9C0363D4-EE69-45B8-BA45-BDA24CE35A06}.Debug|Any CPU.Build.0 = Debug|Any CPU
		{9C0363D4-EE69-45B8-BA45-BDA24CE35A06}.Debug|x64.ActiveCfg = Debug|Any CPU
		{9C0363D4-EE69-45B8-BA45-BDA24CE35A06}.Debug|x64.Build.0 = Debug|Any CPU
		{9C0363D4-EE69-45B8-BA45-BDA24CE35A06}.Debug|x86.ActiveCfg = Debug|Any CPU
		{9C0363D4-EE69-45B8-BA45-BDA24CE35A06}.Debug|x86.Build.0 = Debug|Any CPU
		{9C0363D4-EE69-45B8-BA45-BDA24CE35A06}.Debug-OLD_BINDINGS|Any CPU.ActiveCfg = Debug|Any CPU
		{9C0363D4-EE69-45B8-BA45-BDA24CE35A06}.Debug-OLD_BINDINGS|Any CPU.Build.0 = Debug|Any CPU
		{9C0363D4-EE69-45B8-BA45-BDA24CE35A06}.Release|Any CPU.ActiveCfg = Release|Any CPU
		{9C0363D4-EE69-45B8-BA45-BDA24CE35A06}.Release|Any CPU.Build.0 = Release|Any CPU
		{9C0363D4-EE69-45B8-BA45-BDA24CE35A06}.Release|x64.ActiveCfg = Release|Any CPU
		{9C0363D4-EE69-45B8-BA45-BDA24CE35A06}.Release|x64.Build.0 = Release|Any CPU
		{9C0363D4-EE69-45B8-BA45-BDA24CE35A06}.Release|x86.ActiveCfg = Release|Any CPU
		{9C0363D4-EE69-45B8-BA45-BDA24CE35A06}.Release|x86.Build.0 = Release|Any CPU
		{9C9ECACA-0DEB-4517-8CF1-02C3D3EB128E}.BundleLinux|Any CPU.ActiveCfg = BundleLinux|Any CPU
		{9C9ECACA-0DEB-4517-8CF1-02C3D3EB128E}.BundleLinux|Any CPU.Build.0 = BundleLinux|Any CPU
		{9C9ECACA-0DEB-4517-8CF1-02C3D3EB128E}.BundleLinux|x64.ActiveCfg = BundleLinux|x64
		{9C9ECACA-0DEB-4517-8CF1-02C3D3EB128E}.BundleLinux|x64.Build.0 = BundleLinux|x64
		{9C9ECACA-0DEB-4517-8CF1-02C3D3EB128E}.BundleLinux|x86.ActiveCfg = BundleLinux|x86
		{9C9ECACA-0DEB-4517-8CF1-02C3D3EB128E}.BundleLinux|x86.Build.0 = BundleLinux|x86
		{9C9ECACA-0DEB-4517-8CF1-02C3D3EB128E}.Debug|Any CPU.ActiveCfg = Debug|Any CPU
		{9C9ECACA-0DEB-4517-8CF1-02C3D3EB128E}.Debug|Any CPU.Build.0 = Debug|Any CPU
		{9C9ECACA-0DEB-4517-8CF1-02C3D3EB128E}.Debug|x64.ActiveCfg = Debug|x64
		{9C9ECACA-0DEB-4517-8CF1-02C3D3EB128E}.Debug|x64.Build.0 = Debug|x64
		{9C9ECACA-0DEB-4517-8CF1-02C3D3EB128E}.Debug|x86.ActiveCfg = Debug|x86
		{9C9ECACA-0DEB-4517-8CF1-02C3D3EB128E}.Debug|x86.Build.0 = Debug|x86
		{9C9ECACA-0DEB-4517-8CF1-02C3D3EB128E}.Debug-OLD_BINDINGS|Any CPU.ActiveCfg = Debug|Any CPU
		{9C9ECACA-0DEB-4517-8CF1-02C3D3EB128E}.Debug-OLD_BINDINGS|Any CPU.Build.0 = Debug|Any CPU
		{9C9ECACA-0DEB-4517-8CF1-02C3D3EB128E}.Release|Any CPU.ActiveCfg = Release|Any CPU
		{9C9ECACA-0DEB-4517-8CF1-02C3D3EB128E}.Release|Any CPU.Build.0 = Release|Any CPU
		{9C9ECACA-0DEB-4517-8CF1-02C3D3EB128E}.Release|x64.ActiveCfg = Release|x64
		{9C9ECACA-0DEB-4517-8CF1-02C3D3EB128E}.Release|x64.Build.0 = Release|x64
		{9C9ECACA-0DEB-4517-8CF1-02C3D3EB128E}.Release|x86.ActiveCfg = Release|x86
		{9C9ECACA-0DEB-4517-8CF1-02C3D3EB128E}.Release|x86.Build.0 = Release|x86
		{A6C1914F-7732-49F5-BABA-8BBBA521FAAB}.BundleLinux|Any CPU.ActiveCfg = Debug|Any CPU
		{A6C1914F-7732-49F5-BABA-8BBBA521FAAB}.BundleLinux|Any CPU.Build.0 = Debug|Any CPU
		{A6C1914F-7732-49F5-BABA-8BBBA521FAAB}.BundleLinux|x64.ActiveCfg = Debug|Any CPU
		{A6C1914F-7732-49F5-BABA-8BBBA521FAAB}.BundleLinux|x64.Build.0 = Debug|Any CPU
		{A6C1914F-7732-49F5-BABA-8BBBA521FAAB}.BundleLinux|x86.ActiveCfg = Debug|Any CPU
		{A6C1914F-7732-49F5-BABA-8BBBA521FAAB}.BundleLinux|x86.Build.0 = Debug|Any CPU
		{A6C1914F-7732-49F5-BABA-8BBBA521FAAB}.Debug|Any CPU.ActiveCfg = Debug|Any CPU
		{A6C1914F-7732-49F5-BABA-8BBBA521FAAB}.Debug|Any CPU.Build.0 = Debug|Any CPU
		{A6C1914F-7732-49F5-BABA-8BBBA521FAAB}.Debug|x64.ActiveCfg = Debug|Any CPU
		{A6C1914F-7732-49F5-BABA-8BBBA521FAAB}.Debug|x64.Build.0 = Debug|Any CPU
		{A6C1914F-7732-49F5-BABA-8BBBA521FAAB}.Debug|x86.ActiveCfg = Debug|Any CPU
		{A6C1914F-7732-49F5-BABA-8BBBA521FAAB}.Debug|x86.Build.0 = Debug|Any CPU
		{A6C1914F-7732-49F5-BABA-8BBBA521FAAB}.Debug-OLD_BINDINGS|Any CPU.ActiveCfg = Debug|Any CPU
		{A6C1914F-7732-49F5-BABA-8BBBA521FAAB}.Debug-OLD_BINDINGS|Any CPU.Build.0 = Debug|Any CPU
		{A6C1914F-7732-49F5-BABA-8BBBA521FAAB}.Release|Any CPU.ActiveCfg = Release|Any CPU
		{A6C1914F-7732-49F5-BABA-8BBBA521FAAB}.Release|Any CPU.Build.0 = Release|Any CPU
		{A6C1914F-7732-49F5-BABA-8BBBA521FAAB}.Release|x64.ActiveCfg = Release|Any CPU
		{A6C1914F-7732-49F5-BABA-8BBBA521FAAB}.Release|x64.Build.0 = Release|Any CPU
		{A6C1914F-7732-49F5-BABA-8BBBA521FAAB}.Release|x86.ActiveCfg = Release|Any CPU
		{A6C1914F-7732-49F5-BABA-8BBBA521FAAB}.Release|x86.Build.0 = Release|Any CPU
		{AD329D59-938D-42AC-ABE2-B0F14FDBB7C6}.BundleLinux|Any CPU.ActiveCfg = Debug|Any CPU
		{AD329D59-938D-42AC-ABE2-B0F14FDBB7C6}.BundleLinux|Any CPU.Build.0 = Debug|Any CPU
		{AD329D59-938D-42AC-ABE2-B0F14FDBB7C6}.BundleLinux|x64.ActiveCfg = Debug|Any CPU
		{AD329D59-938D-42AC-ABE2-B0F14FDBB7C6}.BundleLinux|x64.Build.0 = Debug|Any CPU
		{AD329D59-938D-42AC-ABE2-B0F14FDBB7C6}.BundleLinux|x86.ActiveCfg = Debug|Any CPU
		{AD329D59-938D-42AC-ABE2-B0F14FDBB7C6}.BundleLinux|x86.Build.0 = Debug|Any CPU
		{AD329D59-938D-42AC-ABE2-B0F14FDBB7C6}.Debug|Any CPU.ActiveCfg = Debug|Any CPU
		{AD329D59-938D-42AC-ABE2-B0F14FDBB7C6}.Debug|Any CPU.Build.0 = Debug|Any CPU
		{AD329D59-938D-42AC-ABE2-B0F14FDBB7C6}.Debug|x64.ActiveCfg = Debug|Any CPU
		{AD329D59-938D-42AC-ABE2-B0F14FDBB7C6}.Debug|x64.Build.0 = Debug|Any CPU
		{AD329D59-938D-42AC-ABE2-B0F14FDBB7C6}.Debug|x86.ActiveCfg = Debug|Any CPU
		{AD329D59-938D-42AC-ABE2-B0F14FDBB7C6}.Debug|x86.Build.0 = Debug|Any CPU
		{AD329D59-938D-42AC-ABE2-B0F14FDBB7C6}.Debug-OLD_BINDINGS|Any CPU.ActiveCfg = Debug|Any CPU
		{AD329D59-938D-42AC-ABE2-B0F14FDBB7C6}.Debug-OLD_BINDINGS|Any CPU.Build.0 = Debug|Any CPU
		{AD329D59-938D-42AC-ABE2-B0F14FDBB7C6}.Release|Any CPU.ActiveCfg = Release|Any CPU
		{AD329D59-938D-42AC-ABE2-B0F14FDBB7C6}.Release|Any CPU.Build.0 = Release|Any CPU
		{AD329D59-938D-42AC-ABE2-B0F14FDBB7C6}.Release|x64.ActiveCfg = Release|Any CPU
		{AD329D59-938D-42AC-ABE2-B0F14FDBB7C6}.Release|x64.Build.0 = Release|Any CPU
		{AD329D59-938D-42AC-ABE2-B0F14FDBB7C6}.Release|x86.ActiveCfg = Release|Any CPU
		{AD329D59-938D-42AC-ABE2-B0F14FDBB7C6}.Release|x86.Build.0 = Release|Any CPU
		{AED7339A-4A71-4063-9C67-0D54821230A3}.BundleLinux|Any CPU.ActiveCfg = Debug|Any CPU
		{AED7339A-4A71-4063-9C67-0D54821230A3}.BundleLinux|Any CPU.Build.0 = Debug|Any CPU
		{AED7339A-4A71-4063-9C67-0D54821230A3}.BundleLinux|x64.ActiveCfg = Debug|Any CPU
		{AED7339A-4A71-4063-9C67-0D54821230A3}.BundleLinux|x64.Build.0 = Debug|Any CPU
		{AED7339A-4A71-4063-9C67-0D54821230A3}.BundleLinux|x86.ActiveCfg = Debug|Any CPU
		{AED7339A-4A71-4063-9C67-0D54821230A3}.BundleLinux|x86.Build.0 = Debug|Any CPU
		{AED7339A-4A71-4063-9C67-0D54821230A3}.Debug|Any CPU.ActiveCfg = Debug|Any CPU
		{AED7339A-4A71-4063-9C67-0D54821230A3}.Debug|Any CPU.Build.0 = Debug|Any CPU
		{AED7339A-4A71-4063-9C67-0D54821230A3}.Debug|x64.ActiveCfg = Debug|Any CPU
		{AED7339A-4A71-4063-9C67-0D54821230A3}.Debug|x64.Build.0 = Debug|Any CPU
		{AED7339A-4A71-4063-9C67-0D54821230A3}.Debug|x86.ActiveCfg = Debug|Any CPU
		{AED7339A-4A71-4063-9C67-0D54821230A3}.Debug|x86.Build.0 = Debug|Any CPU
		{AED7339A-4A71-4063-9C67-0D54821230A3}.Debug-OLD_BINDINGS|Any CPU.ActiveCfg = Debug|Any CPU
		{AED7339A-4A71-4063-9C67-0D54821230A3}.Debug-OLD_BINDINGS|Any CPU.Build.0 = Debug|Any CPU
		{AED7339A-4A71-4063-9C67-0D54821230A3}.Release|Any CPU.ActiveCfg = Release|Any CPU
		{AED7339A-4A71-4063-9C67-0D54821230A3}.Release|Any CPU.Build.0 = Release|Any CPU
		{AED7339A-4A71-4063-9C67-0D54821230A3}.Release|x64.ActiveCfg = Release|Any CPU
		{AED7339A-4A71-4063-9C67-0D54821230A3}.Release|x64.Build.0 = Release|Any CPU
		{AED7339A-4A71-4063-9C67-0D54821230A3}.Release|x86.ActiveCfg = Release|Any CPU
		{AED7339A-4A71-4063-9C67-0D54821230A3}.Release|x86.Build.0 = Release|Any CPU
		{C97E91F4-B310-44E2-9B6C-96775395722D}.BundleLinux|Any CPU.ActiveCfg = BundleLinux|Any CPU
		{C97E91F4-B310-44E2-9B6C-96775395722D}.BundleLinux|Any CPU.Build.0 = BundleLinux|Any CPU
		{C97E91F4-B310-44E2-9B6C-96775395722D}.BundleLinux|x64.ActiveCfg = BundleLinux|x64
		{C97E91F4-B310-44E2-9B6C-96775395722D}.BundleLinux|x64.Build.0 = BundleLinux|x64
		{C97E91F4-B310-44E2-9B6C-96775395722D}.BundleLinux|x86.ActiveCfg = BundleLinux|x86
		{C97E91F4-B310-44E2-9B6C-96775395722D}.BundleLinux|x86.Build.0 = BundleLinux|x86
		{C97E91F4-B310-44E2-9B6C-96775395722D}.Debug|Any CPU.ActiveCfg = Debug|Any CPU
		{C97E91F4-B310-44E2-9B6C-96775395722D}.Debug|Any CPU.Build.0 = Debug|Any CPU
		{C97E91F4-B310-44E2-9B6C-96775395722D}.Debug|x64.ActiveCfg = Debug|x64
		{C97E91F4-B310-44E2-9B6C-96775395722D}.Debug|x64.Build.0 = Debug|x64
		{C97E91F4-B310-44E2-9B6C-96775395722D}.Debug|x86.ActiveCfg = Debug|x86
		{C97E91F4-B310-44E2-9B6C-96775395722D}.Debug|x86.Build.0 = Debug|x86
		{C97E91F4-B310-44E2-9B6C-96775395722D}.Debug-OLD_BINDINGS|Any CPU.ActiveCfg = Debug|Any CPU
		{C97E91F4-B310-44E2-9B6C-96775395722D}.Debug-OLD_BINDINGS|Any CPU.Build.0 = Debug|Any CPU
		{C97E91F4-B310-44E2-9B6C-96775395722D}.Release|Any CPU.ActiveCfg = Release|Any CPU
		{C97E91F4-B310-44E2-9B6C-96775395722D}.Release|Any CPU.Build.0 = Release|Any CPU
		{C97E91F4-B310-44E2-9B6C-96775395722D}.Release|x64.ActiveCfg = Release|x64
		{C97E91F4-B310-44E2-9B6C-96775395722D}.Release|x64.Build.0 = Release|x64
		{C97E91F4-B310-44E2-9B6C-96775395722D}.Release|x86.ActiveCfg = Release|x86
		{C97E91F4-B310-44E2-9B6C-96775395722D}.Release|x86.Build.0 = Release|x86
		{D21C0F94-5B1B-49E1-A5B0-50C3F99287E2}.BundleLinux|Any CPU.ActiveCfg = Debug|Any CPU
		{D21C0F94-5B1B-49E1-A5B0-50C3F99287E2}.BundleLinux|Any CPU.Build.0 = Debug|Any CPU
		{D21C0F94-5B1B-49E1-A5B0-50C3F99287E2}.BundleLinux|x64.ActiveCfg = Debug|Any CPU
		{D21C0F94-5B1B-49E1-A5B0-50C3F99287E2}.BundleLinux|x64.Build.0 = Debug|Any CPU
		{D21C0F94-5B1B-49E1-A5B0-50C3F99287E2}.BundleLinux|x86.ActiveCfg = Debug|Any CPU
		{D21C0F94-5B1B-49E1-A5B0-50C3F99287E2}.BundleLinux|x86.Build.0 = Debug|Any CPU
		{D21C0F94-5B1B-49E1-A5B0-50C3F99287E2}.Debug|Any CPU.ActiveCfg = Debug|Any CPU
		{D21C0F94-5B1B-49E1-A5B0-50C3F99287E2}.Debug|Any CPU.Build.0 = Debug|Any CPU
		{D21C0F94-5B1B-49E1-A5B0-50C3F99287E2}.Debug|x64.ActiveCfg = Debug|Any CPU
		{D21C0F94-5B1B-49E1-A5B0-50C3F99287E2}.Debug|x64.Build.0 = Debug|Any CPU
		{D21C0F94-5B1B-49E1-A5B0-50C3F99287E2}.Debug|x86.ActiveCfg = Debug|Any CPU
		{D21C0F94-5B1B-49E1-A5B0-50C3F99287E2}.Debug|x86.Build.0 = Debug|Any CPU
		{D21C0F94-5B1B-49E1-A5B0-50C3F99287E2}.Debug-OLD_BINDINGS|Any CPU.ActiveCfg = Debug|Any CPU
		{D21C0F94-5B1B-49E1-A5B0-50C3F99287E2}.Debug-OLD_BINDINGS|Any CPU.Build.0 = Debug|Any CPU
		{D21C0F94-5B1B-49E1-A5B0-50C3F99287E2}.Release|Any CPU.ActiveCfg = Release|Any CPU
		{D21C0F94-5B1B-49E1-A5B0-50C3F99287E2}.Release|Any CPU.Build.0 = Release|Any CPU
		{D21C0F94-5B1B-49E1-A5B0-50C3F99287E2}.Release|x64.ActiveCfg = Release|Any CPU
		{D21C0F94-5B1B-49E1-A5B0-50C3F99287E2}.Release|x64.Build.0 = Release|Any CPU
		{D21C0F94-5B1B-49E1-A5B0-50C3F99287E2}.Release|x86.ActiveCfg = Release|Any CPU
		{D21C0F94-5B1B-49E1-A5B0-50C3F99287E2}.Release|x86.Build.0 = Release|Any CPU
		{D9F4197F-52D2-49F0-8DAF-E2884733CF2D}.BundleLinux|Any CPU.ActiveCfg = BundleLinux|Any CPU
		{D9F4197F-52D2-49F0-8DAF-E2884733CF2D}.BundleLinux|Any CPU.Build.0 = BundleLinux|Any CPU
		{D9F4197F-52D2-49F0-8DAF-E2884733CF2D}.BundleLinux|x64.ActiveCfg = BundleLinux|x64
		{D9F4197F-52D2-49F0-8DAF-E2884733CF2D}.BundleLinux|x64.Build.0 = BundleLinux|x64
		{D9F4197F-52D2-49F0-8DAF-E2884733CF2D}.BundleLinux|x86.ActiveCfg = BundleLinux|x86
		{D9F4197F-52D2-49F0-8DAF-E2884733CF2D}.BundleLinux|x86.Build.0 = BundleLinux|x86
		{D9F4197F-52D2-49F0-8DAF-E2884733CF2D}.Debug|Any CPU.ActiveCfg = Debug|Any CPU
		{D9F4197F-52D2-49F0-8DAF-E2884733CF2D}.Debug|Any CPU.Build.0 = Debug|Any CPU
		{D9F4197F-52D2-49F0-8DAF-E2884733CF2D}.Debug|x64.ActiveCfg = Debug|x64
		{D9F4197F-52D2-49F0-8DAF-E2884733CF2D}.Debug|x64.Build.0 = Debug|x64
		{D9F4197F-52D2-49F0-8DAF-E2884733CF2D}.Debug|x86.ActiveCfg = Debug|x86
		{D9F4197F-52D2-49F0-8DAF-E2884733CF2D}.Debug|x86.Build.0 = Debug|x86
		{D9F4197F-52D2-49F0-8DAF-E2884733CF2D}.Debug-OLD_BINDINGS|Any CPU.ActiveCfg = Debug|Any CPU
		{D9F4197F-52D2-49F0-8DAF-E2884733CF2D}.Debug-OLD_BINDINGS|Any CPU.Build.0 = Debug|Any CPU
		{D9F4197F-52D2-49F0-8DAF-E2884733CF2D}.Release|Any CPU.ActiveCfg = Release|Any CPU
		{D9F4197F-52D2-49F0-8DAF-E2884733CF2D}.Release|Any CPU.Build.0 = Release|Any CPU
		{D9F4197F-52D2-49F0-8DAF-E2884733CF2D}.Release|x64.ActiveCfg = Release|x64
		{D9F4197F-52D2-49F0-8DAF-E2884733CF2D}.Release|x64.Build.0 = Release|x64
		{D9F4197F-52D2-49F0-8DAF-E2884733CF2D}.Release|x86.ActiveCfg = Release|x86
		{D9F4197F-52D2-49F0-8DAF-E2884733CF2D}.Release|x86.Build.0 = Release|x86
		{DB2EEB00-FF15-4AF8-887D-E3261C31B173}.BundleLinux|Any CPU.ActiveCfg = Debug|Any CPU
		{DB2EEB00-FF15-4AF8-887D-E3261C31B173}.BundleLinux|Any CPU.Build.0 = Debug|Any CPU
		{DB2EEB00-FF15-4AF8-887D-E3261C31B173}.BundleLinux|x64.ActiveCfg = Debug|Any CPU
		{DB2EEB00-FF15-4AF8-887D-E3261C31B173}.BundleLinux|x64.Build.0 = Debug|Any CPU
		{DB2EEB00-FF15-4AF8-887D-E3261C31B173}.BundleLinux|x86.ActiveCfg = Debug|Any CPU
		{DB2EEB00-FF15-4AF8-887D-E3261C31B173}.BundleLinux|x86.Build.0 = Debug|Any CPU
		{DB2EEB00-FF15-4AF8-887D-E3261C31B173}.Debug|Any CPU.ActiveCfg = Debug|Any CPU
		{DB2EEB00-FF15-4AF8-887D-E3261C31B173}.Debug|Any CPU.Build.0 = Debug|Any CPU
		{DB2EEB00-FF15-4AF8-887D-E3261C31B173}.Debug|x64.ActiveCfg = Debug|Any CPU
		{DB2EEB00-FF15-4AF8-887D-E3261C31B173}.Debug|x64.Build.0 = Debug|Any CPU
		{DB2EEB00-FF15-4AF8-887D-E3261C31B173}.Debug|x86.ActiveCfg = Debug|Any CPU
		{DB2EEB00-FF15-4AF8-887D-E3261C31B173}.Debug|x86.Build.0 = Debug|Any CPU
		{DB2EEB00-FF15-4AF8-887D-E3261C31B173}.Debug-OLD_BINDINGS|Any CPU.ActiveCfg = Debug|Any CPU
		{DB2EEB00-FF15-4AF8-887D-E3261C31B173}.Debug-OLD_BINDINGS|Any CPU.Build.0 = Debug|Any CPU
		{DB2EEB00-FF15-4AF8-887D-E3261C31B173}.Release|Any CPU.ActiveCfg = Release|Any CPU
		{DB2EEB00-FF15-4AF8-887D-E3261C31B173}.Release|Any CPU.Build.0 = Release|Any CPU
		{DB2EEB00-FF15-4AF8-887D-E3261C31B173}.Release|x64.ActiveCfg = Release|Any CPU
		{DB2EEB00-FF15-4AF8-887D-E3261C31B173}.Release|x64.Build.0 = Release|Any CPU
		{DB2EEB00-FF15-4AF8-887D-E3261C31B173}.Release|x86.ActiveCfg = Release|Any CPU
		{DB2EEB00-FF15-4AF8-887D-E3261C31B173}.Release|x86.Build.0 = Release|Any CPU
		{EB71A9A6-2A91-49B5-B8E1-B4B7049B039D}.BundleLinux|Any CPU.ActiveCfg = Debug|Any CPU
		{EB71A9A6-2A91-49B5-B8E1-B4B7049B039D}.BundleLinux|Any CPU.Build.0 = Debug|Any CPU
		{EB71A9A6-2A91-49B5-B8E1-B4B7049B039D}.BundleLinux|x64.ActiveCfg = Debug|Any CPU
		{EB71A9A6-2A91-49B5-B8E1-B4B7049B039D}.BundleLinux|x64.Build.0 = Debug|Any CPU
		{EB71A9A6-2A91-49B5-B8E1-B4B7049B039D}.BundleLinux|x86.ActiveCfg = Debug|Any CPU
		{EB71A9A6-2A91-49B5-B8E1-B4B7049B039D}.BundleLinux|x86.Build.0 = Debug|Any CPU
		{EB71A9A6-2A91-49B5-B8E1-B4B7049B039D}.Debug|Any CPU.ActiveCfg = Debug|Any CPU
		{EB71A9A6-2A91-49B5-B8E1-B4B7049B039D}.Debug|Any CPU.Build.0 = Debug|Any CPU
		{EB71A9A6-2A91-49B5-B8E1-B4B7049B039D}.Debug|x64.ActiveCfg = Debug|Any CPU
		{EB71A9A6-2A91-49B5-B8E1-B4B7049B039D}.Debug|x64.Build.0 = Debug|Any CPU
		{EB71A9A6-2A91-49B5-B8E1-B4B7049B039D}.Debug|x86.ActiveCfg = Debug|Any CPU
		{EB71A9A6-2A91-49B5-B8E1-B4B7049B039D}.Debug|x86.Build.0 = Debug|Any CPU
		{EB71A9A6-2A91-49B5-B8E1-B4B7049B039D}.Debug-OLD_BINDINGS|Any CPU.ActiveCfg = Debug|Any CPU
		{EB71A9A6-2A91-49B5-B8E1-B4B7049B039D}.Debug-OLD_BINDINGS|Any CPU.Build.0 = Debug|Any CPU
		{EB71A9A6-2A91-49B5-B8E1-B4B7049B039D}.Release|Any CPU.ActiveCfg = Release|Any CPU
		{EB71A9A6-2A91-49B5-B8E1-B4B7049B039D}.Release|Any CPU.Build.0 = Release|Any CPU
		{EB71A9A6-2A91-49B5-B8E1-B4B7049B039D}.Release|x64.ActiveCfg = Release|Any CPU
		{EB71A9A6-2A91-49B5-B8E1-B4B7049B039D}.Release|x64.Build.0 = Release|Any CPU
		{EB71A9A6-2A91-49B5-B8E1-B4B7049B039D}.Release|x86.ActiveCfg = Release|Any CPU
		{EB71A9A6-2A91-49B5-B8E1-B4B7049B039D}.Release|x86.Build.0 = Release|Any CPU
		{F8B5CAD4-FC68-4F30-A1EF-1B532CED74AC}.Debug|Any CPU.ActiveCfg = Debug|x86
		{F8B5CAD4-FC68-4F30-A1EF-1B532CED74AC}.Debug|Any CPU.Build.0 = Debug|x86
		{F8B5CAD4-FC68-4F30-A1EF-1B532CED74AC}.Release|Any CPU.ActiveCfg = Release|x86
		{F8B5CAD4-FC68-4F30-A1EF-1B532CED74AC}.Release|Any CPU.Build.0 = Release|x86
		{F8B5CAD4-FC68-4F30-A1EF-1B532CED74AC}.Debug|x86.ActiveCfg = Debug|x86
		{F8B5CAD4-FC68-4F30-A1EF-1B532CED74AC}.Debug|x86.Build.0 = Debug|x86
		{F8B5CAD4-FC68-4F30-A1EF-1B532CED74AC}.Release|x86.ActiveCfg = Release|x86
		{F8B5CAD4-FC68-4F30-A1EF-1B532CED74AC}.Release|x86.Build.0 = Release|x86
		{F8B5CAD4-FC68-4F30-A1EF-1B532CED74AC}.Debug|x64.ActiveCfg = Debug|x86
		{F8B5CAD4-FC68-4F30-A1EF-1B532CED74AC}.Debug|x64.Build.0 = Debug|x86
		{F8B5CAD4-FC68-4F30-A1EF-1B532CED74AC}.Release|x64.ActiveCfg = Release|x86
		{F8B5CAD4-FC68-4F30-A1EF-1B532CED74AC}.Release|x64.Build.0 = Release|x86
		{F8B5CAD4-FC68-4F30-A1EF-1B532CED74AC}.BundleLinux|Any CPU.ActiveCfg = Debug|x86
		{F8B5CAD4-FC68-4F30-A1EF-1B532CED74AC}.BundleLinux|Any CPU.Build.0 = Debug|x86
		{F8B5CAD4-FC68-4F30-A1EF-1B532CED74AC}.BundleLinux|x86.ActiveCfg = Debug|x86
		{F8B5CAD4-FC68-4F30-A1EF-1B532CED74AC}.BundleLinux|x86.Build.0 = Debug|x86
		{F8B5CAD4-FC68-4F30-A1EF-1B532CED74AC}.BundleLinux|x64.ActiveCfg = Debug|x86
		{F8B5CAD4-FC68-4F30-A1EF-1B532CED74AC}.BundleLinux|x64.Build.0 = Debug|x86
		{F8B5CAD4-FC68-4F30-A1EF-1B532CED74AC}.Debug-OLD_BINDINGS|Any CPU.ActiveCfg = Debug|x86
		{F8B5CAD4-FC68-4F30-A1EF-1B532CED74AC}.Debug-OLD_BINDINGS|Any CPU.Build.0 = Debug|x86
		{3DCDD84A-20D0-4939-BE25-58B19F3961F2}.Debug|Any CPU.ActiveCfg = Debug|Any CPU
		{3DCDD84A-20D0-4939-BE25-58B19F3961F2}.Debug|Any CPU.Build.0 = Debug|Any CPU
		{3DCDD84A-20D0-4939-BE25-58B19F3961F2}.Release|Any CPU.ActiveCfg = Release|Any CPU
		{3DCDD84A-20D0-4939-BE25-58B19F3961F2}.Release|Any CPU.Build.0 = Release|Any CPU
		{3DCDD84A-20D0-4939-BE25-58B19F3961F2}.Debug|x86.ActiveCfg = Debug|Any CPU
		{3DCDD84A-20D0-4939-BE25-58B19F3961F2}.Debug|x86.Build.0 = Debug|Any CPU
		{3DCDD84A-20D0-4939-BE25-58B19F3961F2}.Release|x86.ActiveCfg = Release|Any CPU
		{3DCDD84A-20D0-4939-BE25-58B19F3961F2}.Release|x86.Build.0 = Release|Any CPU
		{3DCDD84A-20D0-4939-BE25-58B19F3961F2}.Debug|x64.ActiveCfg = Debug|Any CPU
		{3DCDD84A-20D0-4939-BE25-58B19F3961F2}.Debug|x64.Build.0 = Debug|Any CPU
		{3DCDD84A-20D0-4939-BE25-58B19F3961F2}.Release|x64.ActiveCfg = Release|Any CPU
		{3DCDD84A-20D0-4939-BE25-58B19F3961F2}.Release|x64.Build.0 = Release|Any CPU
		{3DCDD84A-20D0-4939-BE25-58B19F3961F2}.BundleLinux|Any CPU.ActiveCfg = Debug|Any CPU
		{3DCDD84A-20D0-4939-BE25-58B19F3961F2}.BundleLinux|Any CPU.Build.0 = Debug|Any CPU
		{3DCDD84A-20D0-4939-BE25-58B19F3961F2}.BundleLinux|x86.ActiveCfg = Debug|Any CPU
		{3DCDD84A-20D0-4939-BE25-58B19F3961F2}.BundleLinux|x86.Build.0 = Debug|Any CPU
		{3DCDD84A-20D0-4939-BE25-58B19F3961F2}.BundleLinux|x64.ActiveCfg = Debug|Any CPU
		{3DCDD84A-20D0-4939-BE25-58B19F3961F2}.BundleLinux|x64.Build.0 = Debug|Any CPU
		{3DCDD84A-20D0-4939-BE25-58B19F3961F2}.Debug-OLD_BINDINGS|Any CPU.ActiveCfg = Debug|Any CPU
		{3DCDD84A-20D0-4939-BE25-58B19F3961F2}.Debug-OLD_BINDINGS|Any CPU.Build.0 = Debug|Any CPU
		{EB4F19F8-2CC9-4712-9949-760A441A56FE}.Debug|Any CPU.ActiveCfg = Debug|Any CPU
		{EB4F19F8-2CC9-4712-9949-760A441A56FE}.Debug|Any CPU.Build.0 = Debug|Any CPU
		{EB4F19F8-2CC9-4712-9949-760A441A56FE}.Release|Any CPU.ActiveCfg = Release|Any CPU
		{EB4F19F8-2CC9-4712-9949-760A441A56FE}.Release|Any CPU.Build.0 = Release|Any CPU
		{EB4F19F8-2CC9-4712-9949-760A441A56FE}.Debug|x86.ActiveCfg = Debug|Any CPU
		{EB4F19F8-2CC9-4712-9949-760A441A56FE}.Debug|x86.Build.0 = Debug|Any CPU
		{EB4F19F8-2CC9-4712-9949-760A441A56FE}.Release|x86.ActiveCfg = Release|Any CPU
		{EB4F19F8-2CC9-4712-9949-760A441A56FE}.Release|x86.Build.0 = Release|Any CPU
		{EB4F19F8-2CC9-4712-9949-760A441A56FE}.Debug|x64.ActiveCfg = Debug|Any CPU
		{EB4F19F8-2CC9-4712-9949-760A441A56FE}.Debug|x64.Build.0 = Debug|Any CPU
		{EB4F19F8-2CC9-4712-9949-760A441A56FE}.Release|x64.ActiveCfg = Release|Any CPU
		{EB4F19F8-2CC9-4712-9949-760A441A56FE}.Release|x64.Build.0 = Release|Any CPU
		{EB4F19F8-2CC9-4712-9949-760A441A56FE}.BundleLinux|Any CPU.ActiveCfg = Debug|Any CPU
		{EB4F19F8-2CC9-4712-9949-760A441A56FE}.BundleLinux|Any CPU.Build.0 = Debug|Any CPU
		{EB4F19F8-2CC9-4712-9949-760A441A56FE}.BundleLinux|x86.ActiveCfg = Debug|Any CPU
		{EB4F19F8-2CC9-4712-9949-760A441A56FE}.BundleLinux|x86.Build.0 = Debug|Any CPU
		{EB4F19F8-2CC9-4712-9949-760A441A56FE}.BundleLinux|x64.ActiveCfg = Debug|Any CPU
		{EB4F19F8-2CC9-4712-9949-760A441A56FE}.BundleLinux|x64.Build.0 = Debug|Any CPU
		{EB4F19F8-2CC9-4712-9949-760A441A56FE}.Debug-OLD_BINDINGS|Any CPU.ActiveCfg = Debug|Any CPU
		{EB4F19F8-2CC9-4712-9949-760A441A56FE}.Debug-OLD_BINDINGS|Any CPU.Build.0 = Debug|Any CPU
		{28A78143-42E3-40E7-86F5-DD7E1679BE86}.Debug|Any CPU.ActiveCfg = Debug|Any CPU
		{28A78143-42E3-40E7-86F5-DD7E1679BE86}.Debug|Any CPU.Build.0 = Debug|Any CPU
		{28A78143-42E3-40E7-86F5-DD7E1679BE86}.Release|Any CPU.ActiveCfg = Release|Any CPU
		{28A78143-42E3-40E7-86F5-DD7E1679BE86}.Release|Any CPU.Build.0 = Release|Any CPU
		{28A78143-42E3-40E7-86F5-DD7E1679BE86}.Debug|x86.ActiveCfg = Debug|Any CPU
		{28A78143-42E3-40E7-86F5-DD7E1679BE86}.Debug|x86.Build.0 = Debug|Any CPU
		{28A78143-42E3-40E7-86F5-DD7E1679BE86}.Release|x86.ActiveCfg = Release|Any CPU
		{28A78143-42E3-40E7-86F5-DD7E1679BE86}.Release|x86.Build.0 = Release|Any CPU
		{28A78143-42E3-40E7-86F5-DD7E1679BE86}.Debug|x64.ActiveCfg = Debug|Any CPU
		{28A78143-42E3-40E7-86F5-DD7E1679BE86}.Debug|x64.Build.0 = Debug|Any CPU
		{28A78143-42E3-40E7-86F5-DD7E1679BE86}.Release|x64.ActiveCfg = Release|Any CPU
		{28A78143-42E3-40E7-86F5-DD7E1679BE86}.Release|x64.Build.0 = Release|Any CPU
		{28A78143-42E3-40E7-86F5-DD7E1679BE86}.BundleLinux|Any CPU.ActiveCfg = Debug|Any CPU
		{28A78143-42E3-40E7-86F5-DD7E1679BE86}.BundleLinux|Any CPU.Build.0 = Debug|Any CPU
		{28A78143-42E3-40E7-86F5-DD7E1679BE86}.BundleLinux|x86.ActiveCfg = Debug|Any CPU
		{28A78143-42E3-40E7-86F5-DD7E1679BE86}.BundleLinux|x86.Build.0 = Debug|Any CPU
		{28A78143-42E3-40E7-86F5-DD7E1679BE86}.BundleLinux|x64.ActiveCfg = Debug|Any CPU
		{28A78143-42E3-40E7-86F5-DD7E1679BE86}.BundleLinux|x64.Build.0 = Debug|Any CPU
		{28A78143-42E3-40E7-86F5-DD7E1679BE86}.Debug-OLD_BINDINGS|Any CPU.ActiveCfg = Debug|Any CPU
		{28A78143-42E3-40E7-86F5-DD7E1679BE86}.Debug-OLD_BINDINGS|Any CPU.Build.0 = Debug|Any CPU
		{E2228A2B-4883-4DD8-8A05-23501F7B8A33}.Debug|Any CPU.ActiveCfg = Debug|Any CPU
		{E2228A2B-4883-4DD8-8A05-23501F7B8A33}.Debug|Any CPU.Build.0 = Debug|Any CPU
		{E2228A2B-4883-4DD8-8A05-23501F7B8A33}.Release|Any CPU.ActiveCfg = Release|Any CPU
		{E2228A2B-4883-4DD8-8A05-23501F7B8A33}.Release|Any CPU.Build.0 = Release|Any CPU
		{E2228A2B-4883-4DD8-8A05-23501F7B8A33}.Debug|x86.ActiveCfg = Debug|Any CPU
		{E2228A2B-4883-4DD8-8A05-23501F7B8A33}.Debug|x86.Build.0 = Debug|Any CPU
		{E2228A2B-4883-4DD8-8A05-23501F7B8A33}.Release|x86.ActiveCfg = Release|Any CPU
		{E2228A2B-4883-4DD8-8A05-23501F7B8A33}.Release|x86.Build.0 = Release|Any CPU
		{E2228A2B-4883-4DD8-8A05-23501F7B8A33}.Debug|x64.ActiveCfg = Debug|Any CPU
		{E2228A2B-4883-4DD8-8A05-23501F7B8A33}.Debug|x64.Build.0 = Debug|Any CPU
		{E2228A2B-4883-4DD8-8A05-23501F7B8A33}.Release|x64.ActiveCfg = Release|Any CPU
		{E2228A2B-4883-4DD8-8A05-23501F7B8A33}.Release|x64.Build.0 = Release|Any CPU
		{E2228A2B-4883-4DD8-8A05-23501F7B8A33}.BundleLinux|Any CPU.ActiveCfg = Debug|Any CPU
		{E2228A2B-4883-4DD8-8A05-23501F7B8A33}.BundleLinux|Any CPU.Build.0 = Debug|Any CPU
		{E2228A2B-4883-4DD8-8A05-23501F7B8A33}.BundleLinux|x86.ActiveCfg = Debug|Any CPU
		{E2228A2B-4883-4DD8-8A05-23501F7B8A33}.BundleLinux|x86.Build.0 = Debug|Any CPU
		{E2228A2B-4883-4DD8-8A05-23501F7B8A33}.BundleLinux|x64.ActiveCfg = Debug|Any CPU
		{E2228A2B-4883-4DD8-8A05-23501F7B8A33}.BundleLinux|x64.Build.0 = Debug|Any CPU
		{E2228A2B-4883-4DD8-8A05-23501F7B8A33}.Debug-OLD_BINDINGS|Any CPU.ActiveCfg = Debug|Any CPU
		{E2228A2B-4883-4DD8-8A05-23501F7B8A33}.Debug-OLD_BINDINGS|Any CPU.Build.0 = Debug|Any CPU
		{D30A23BF-C5DC-4A1B-95FC-9C2038D46E8E}.Debug|Any CPU.ActiveCfg = Debug|Any CPU
		{D30A23BF-C5DC-4A1B-95FC-9C2038D46E8E}.Debug|Any CPU.Build.0 = Debug|Any CPU
		{D30A23BF-C5DC-4A1B-95FC-9C2038D46E8E}.Release|Any CPU.ActiveCfg = Release|Any CPU
		{D30A23BF-C5DC-4A1B-95FC-9C2038D46E8E}.Release|Any CPU.Build.0 = Release|Any CPU
		{D30A23BF-C5DC-4A1B-95FC-9C2038D46E8E}.Debug|x86.ActiveCfg = Debug|Any CPU
		{D30A23BF-C5DC-4A1B-95FC-9C2038D46E8E}.Debug|x86.Build.0 = Debug|Any CPU
		{D30A23BF-C5DC-4A1B-95FC-9C2038D46E8E}.Release|x86.ActiveCfg = Release|Any CPU
		{D30A23BF-C5DC-4A1B-95FC-9C2038D46E8E}.Release|x86.Build.0 = Release|Any CPU
		{D30A23BF-C5DC-4A1B-95FC-9C2038D46E8E}.Debug|x64.ActiveCfg = Debug|Any CPU
		{D30A23BF-C5DC-4A1B-95FC-9C2038D46E8E}.Debug|x64.Build.0 = Debug|Any CPU
		{D30A23BF-C5DC-4A1B-95FC-9C2038D46E8E}.Release|x64.ActiveCfg = Release|Any CPU
		{D30A23BF-C5DC-4A1B-95FC-9C2038D46E8E}.Release|x64.Build.0 = Release|Any CPU
		{D30A23BF-C5DC-4A1B-95FC-9C2038D46E8E}.BundleLinux|Any CPU.ActiveCfg = Debug|Any CPU
		{D30A23BF-C5DC-4A1B-95FC-9C2038D46E8E}.BundleLinux|Any CPU.Build.0 = Debug|Any CPU
		{D30A23BF-C5DC-4A1B-95FC-9C2038D46E8E}.BundleLinux|x86.ActiveCfg = Debug|Any CPU
		{D30A23BF-C5DC-4A1B-95FC-9C2038D46E8E}.BundleLinux|x86.Build.0 = Debug|Any CPU
		{D30A23BF-C5DC-4A1B-95FC-9C2038D46E8E}.BundleLinux|x64.ActiveCfg = Debug|Any CPU
		{D30A23BF-C5DC-4A1B-95FC-9C2038D46E8E}.BundleLinux|x64.Build.0 = Debug|Any CPU
		{D30A23BF-C5DC-4A1B-95FC-9C2038D46E8E}.Debug-OLD_BINDINGS|Any CPU.ActiveCfg = Debug|Any CPU
		{D30A23BF-C5DC-4A1B-95FC-9C2038D46E8E}.Debug-OLD_BINDINGS|Any CPU.Build.0 = Debug|Any CPU
		{3C0F3944-CBD5-4BD6-83D4-CF33AD6FC68C}.Debug|Any CPU.ActiveCfg = Debug|Any CPU
		{3C0F3944-CBD5-4BD6-83D4-CF33AD6FC68C}.Debug|Any CPU.Build.0 = Debug|Any CPU
		{3C0F3944-CBD5-4BD6-83D4-CF33AD6FC68C}.Release|Any CPU.ActiveCfg = Release|Any CPU
		{3C0F3944-CBD5-4BD6-83D4-CF33AD6FC68C}.Release|Any CPU.Build.0 = Release|Any CPU
		{3C0F3944-CBD5-4BD6-83D4-CF33AD6FC68C}.Debug|x86.ActiveCfg = Debug|Any CPU
		{3C0F3944-CBD5-4BD6-83D4-CF33AD6FC68C}.Debug|x86.Build.0 = Debug|Any CPU
		{3C0F3944-CBD5-4BD6-83D4-CF33AD6FC68C}.Release|x86.ActiveCfg = Release|Any CPU
		{3C0F3944-CBD5-4BD6-83D4-CF33AD6FC68C}.Release|x86.Build.0 = Release|Any CPU
		{3C0F3944-CBD5-4BD6-83D4-CF33AD6FC68C}.Debug|x64.ActiveCfg = Debug|Any CPU
		{3C0F3944-CBD5-4BD6-83D4-CF33AD6FC68C}.Debug|x64.Build.0 = Debug|Any CPU
		{3C0F3944-CBD5-4BD6-83D4-CF33AD6FC68C}.Release|x64.ActiveCfg = Release|Any CPU
		{3C0F3944-CBD5-4BD6-83D4-CF33AD6FC68C}.Release|x64.Build.0 = Release|Any CPU
		{3C0F3944-CBD5-4BD6-83D4-CF33AD6FC68C}.BundleLinux|Any CPU.ActiveCfg = Debug|Any CPU
		{3C0F3944-CBD5-4BD6-83D4-CF33AD6FC68C}.BundleLinux|Any CPU.Build.0 = Debug|Any CPU
		{3C0F3944-CBD5-4BD6-83D4-CF33AD6FC68C}.BundleLinux|x86.ActiveCfg = Debug|Any CPU
		{3C0F3944-CBD5-4BD6-83D4-CF33AD6FC68C}.BundleLinux|x86.Build.0 = Debug|Any CPU
		{3C0F3944-CBD5-4BD6-83D4-CF33AD6FC68C}.BundleLinux|x64.ActiveCfg = Debug|Any CPU
		{3C0F3944-CBD5-4BD6-83D4-CF33AD6FC68C}.BundleLinux|x64.Build.0 = Debug|Any CPU
		{3C0F3944-CBD5-4BD6-83D4-CF33AD6FC68C}.Debug-OLD_BINDINGS|Any CPU.ActiveCfg = Debug|Any CPU
		{3C0F3944-CBD5-4BD6-83D4-CF33AD6FC68C}.Debug-OLD_BINDINGS|Any CPU.Build.0 = Debug|Any CPU
		{BA8E8ACF-ECB0-4617-9E09-D1BE93992D0E}.Debug|Any CPU.ActiveCfg = Debug|Any CPU
		{BA8E8ACF-ECB0-4617-9E09-D1BE93992D0E}.Debug|Any CPU.Build.0 = Debug|Any CPU
		{BA8E8ACF-ECB0-4617-9E09-D1BE93992D0E}.Release|Any CPU.ActiveCfg = Release|Any CPU
		{BA8E8ACF-ECB0-4617-9E09-D1BE93992D0E}.Release|Any CPU.Build.0 = Release|Any CPU
		{BA8E8ACF-ECB0-4617-9E09-D1BE93992D0E}.Debug|x86.ActiveCfg = Debug|Any CPU
		{BA8E8ACF-ECB0-4617-9E09-D1BE93992D0E}.Debug|x86.Build.0 = Debug|Any CPU
		{BA8E8ACF-ECB0-4617-9E09-D1BE93992D0E}.Release|x86.ActiveCfg = Release|Any CPU
		{BA8E8ACF-ECB0-4617-9E09-D1BE93992D0E}.Release|x86.Build.0 = Release|Any CPU
		{BA8E8ACF-ECB0-4617-9E09-D1BE93992D0E}.Debug|x64.ActiveCfg = Debug|Any CPU
		{BA8E8ACF-ECB0-4617-9E09-D1BE93992D0E}.Debug|x64.Build.0 = Debug|Any CPU
		{BA8E8ACF-ECB0-4617-9E09-D1BE93992D0E}.Release|x64.ActiveCfg = Release|Any CPU
		{BA8E8ACF-ECB0-4617-9E09-D1BE93992D0E}.Release|x64.Build.0 = Release|Any CPU
		{BA8E8ACF-ECB0-4617-9E09-D1BE93992D0E}.BundleLinux|Any CPU.ActiveCfg = Debug|Any CPU
		{BA8E8ACF-ECB0-4617-9E09-D1BE93992D0E}.BundleLinux|Any CPU.Build.0 = Debug|Any CPU
		{BA8E8ACF-ECB0-4617-9E09-D1BE93992D0E}.BundleLinux|x86.ActiveCfg = Debug|Any CPU
		{BA8E8ACF-ECB0-4617-9E09-D1BE93992D0E}.BundleLinux|x86.Build.0 = Debug|Any CPU
		{BA8E8ACF-ECB0-4617-9E09-D1BE93992D0E}.BundleLinux|x64.ActiveCfg = Debug|Any CPU
		{BA8E8ACF-ECB0-4617-9E09-D1BE93992D0E}.BundleLinux|x64.Build.0 = Debug|Any CPU
		{BA8E8ACF-ECB0-4617-9E09-D1BE93992D0E}.Debug-OLD_BINDINGS|Any CPU.ActiveCfg = Debug|Any CPU
		{BA8E8ACF-ECB0-4617-9E09-D1BE93992D0E}.Debug-OLD_BINDINGS|Any CPU.Build.0 = Debug|Any CPU
		{3D3D6700-C625-46C5-9702-5F010A8DD035}.Debug|Any CPU.ActiveCfg = Debug|Any CPU
		{3D3D6700-C625-46C5-9702-5F010A8DD035}.Debug|Any CPU.Build.0 = Debug|Any CPU
		{3D3D6700-C625-46C5-9702-5F010A8DD035}.Release|Any CPU.ActiveCfg = Release|Any CPU
		{3D3D6700-C625-46C5-9702-5F010A8DD035}.Release|Any CPU.Build.0 = Release|Any CPU
		{3D3D6700-C625-46C5-9702-5F010A8DD035}.Debug|x86.ActiveCfg = Debug|Any CPU
		{3D3D6700-C625-46C5-9702-5F010A8DD035}.Debug|x86.Build.0 = Debug|Any CPU
		{3D3D6700-C625-46C5-9702-5F010A8DD035}.Release|x86.ActiveCfg = Release|Any CPU
		{3D3D6700-C625-46C5-9702-5F010A8DD035}.Release|x86.Build.0 = Release|Any CPU
		{3D3D6700-C625-46C5-9702-5F010A8DD035}.Debug|x64.ActiveCfg = Debug|Any CPU
		{3D3D6700-C625-46C5-9702-5F010A8DD035}.Debug|x64.Build.0 = Debug|Any CPU
		{3D3D6700-C625-46C5-9702-5F010A8DD035}.Release|x64.ActiveCfg = Release|Any CPU
		{3D3D6700-C625-46C5-9702-5F010A8DD035}.Release|x64.Build.0 = Release|Any CPU
		{3D3D6700-C625-46C5-9702-5F010A8DD035}.BundleLinux|Any CPU.ActiveCfg = Debug|Any CPU
		{3D3D6700-C625-46C5-9702-5F010A8DD035}.BundleLinux|Any CPU.Build.0 = Debug|Any CPU
		{3D3D6700-C625-46C5-9702-5F010A8DD035}.BundleLinux|x86.ActiveCfg = Debug|Any CPU
		{3D3D6700-C625-46C5-9702-5F010A8DD035}.BundleLinux|x86.Build.0 = Debug|Any CPU
		{3D3D6700-C625-46C5-9702-5F010A8DD035}.BundleLinux|x64.ActiveCfg = Debug|Any CPU
		{3D3D6700-C625-46C5-9702-5F010A8DD035}.BundleLinux|x64.Build.0 = Debug|Any CPU
		{3D3D6700-C625-46C5-9702-5F010A8DD035}.Debug-OLD_BINDINGS|Any CPU.ActiveCfg = Debug|Any CPU
		{3D3D6700-C625-46C5-9702-5F010A8DD035}.Debug-OLD_BINDINGS|Any CPU.Build.0 = Debug|Any CPU
		{D9A6C0FA-CCD4-48DA-ADC0-AACC9068FCC9}.Debug|Any CPU.ActiveCfg = Debug|Any CPU
		{D9A6C0FA-CCD4-48DA-ADC0-AACC9068FCC9}.Debug|Any CPU.Build.0 = Debug|Any CPU
		{D9A6C0FA-CCD4-48DA-ADC0-AACC9068FCC9}.Release|Any CPU.ActiveCfg = Release|Any CPU
		{D9A6C0FA-CCD4-48DA-ADC0-AACC9068FCC9}.Release|Any CPU.Build.0 = Release|Any CPU
		{D9A6C0FA-CCD4-48DA-ADC0-AACC9068FCC9}.Debug|x86.ActiveCfg = Debug|Any CPU
		{D9A6C0FA-CCD4-48DA-ADC0-AACC9068FCC9}.Debug|x86.Build.0 = Debug|Any CPU
		{D9A6C0FA-CCD4-48DA-ADC0-AACC9068FCC9}.Release|x86.ActiveCfg = Release|Any CPU
		{D9A6C0FA-CCD4-48DA-ADC0-AACC9068FCC9}.Release|x86.Build.0 = Release|Any CPU
		{D9A6C0FA-CCD4-48DA-ADC0-AACC9068FCC9}.Debug|x64.ActiveCfg = Debug|Any CPU
		{D9A6C0FA-CCD4-48DA-ADC0-AACC9068FCC9}.Debug|x64.Build.0 = Debug|Any CPU
		{D9A6C0FA-CCD4-48DA-ADC0-AACC9068FCC9}.Release|x64.ActiveCfg = Release|Any CPU
		{D9A6C0FA-CCD4-48DA-ADC0-AACC9068FCC9}.Release|x64.Build.0 = Release|Any CPU
		{D9A6C0FA-CCD4-48DA-ADC0-AACC9068FCC9}.BundleLinux|Any CPU.ActiveCfg = Debug|Any CPU
		{D9A6C0FA-CCD4-48DA-ADC0-AACC9068FCC9}.BundleLinux|Any CPU.Build.0 = Debug|Any CPU
		{D9A6C0FA-CCD4-48DA-ADC0-AACC9068FCC9}.BundleLinux|x86.ActiveCfg = Debug|Any CPU
		{D9A6C0FA-CCD4-48DA-ADC0-AACC9068FCC9}.BundleLinux|x86.Build.0 = Debug|Any CPU
		{D9A6C0FA-CCD4-48DA-ADC0-AACC9068FCC9}.BundleLinux|x64.ActiveCfg = Debug|Any CPU
		{D9A6C0FA-CCD4-48DA-ADC0-AACC9068FCC9}.BundleLinux|x64.Build.0 = Debug|Any CPU
		{D9A6C0FA-CCD4-48DA-ADC0-AACC9068FCC9}.Debug-OLD_BINDINGS|Any CPU.ActiveCfg = Debug|Any CPU
		{D9A6C0FA-CCD4-48DA-ADC0-AACC9068FCC9}.Debug-OLD_BINDINGS|Any CPU.Build.0 = Debug|Any CPU
		{0F2A9FD4-6FC1-4912-9C8A-72028305A37E}.Debug|Any CPU.ActiveCfg = Debug|Any CPU
		{0F2A9FD4-6FC1-4912-9C8A-72028305A37E}.Debug|Any CPU.Build.0 = Debug|Any CPU
		{0F2A9FD4-6FC1-4912-9C8A-72028305A37E}.Release|Any CPU.ActiveCfg = Release|Any CPU
		{0F2A9FD4-6FC1-4912-9C8A-72028305A37E}.Release|Any CPU.Build.0 = Release|Any CPU
		{0F2A9FD4-6FC1-4912-9C8A-72028305A37E}.Debug|x86.ActiveCfg = Debug|Any CPU
		{0F2A9FD4-6FC1-4912-9C8A-72028305A37E}.Debug|x86.Build.0 = Debug|Any CPU
		{0F2A9FD4-6FC1-4912-9C8A-72028305A37E}.Release|x86.ActiveCfg = Release|Any CPU
		{0F2A9FD4-6FC1-4912-9C8A-72028305A37E}.Release|x86.Build.0 = Release|Any CPU
		{0F2A9FD4-6FC1-4912-9C8A-72028305A37E}.Debug|x64.ActiveCfg = Debug|Any CPU
		{0F2A9FD4-6FC1-4912-9C8A-72028305A37E}.Debug|x64.Build.0 = Debug|Any CPU
		{0F2A9FD4-6FC1-4912-9C8A-72028305A37E}.Release|x64.ActiveCfg = Release|Any CPU
		{0F2A9FD4-6FC1-4912-9C8A-72028305A37E}.Release|x64.Build.0 = Release|Any CPU
		{0F2A9FD4-6FC1-4912-9C8A-72028305A37E}.BundleLinux|Any CPU.ActiveCfg = Debug|Any CPU
		{0F2A9FD4-6FC1-4912-9C8A-72028305A37E}.BundleLinux|Any CPU.Build.0 = Debug|Any CPU
		{0F2A9FD4-6FC1-4912-9C8A-72028305A37E}.BundleLinux|x86.ActiveCfg = Debug|Any CPU
		{0F2A9FD4-6FC1-4912-9C8A-72028305A37E}.BundleLinux|x86.Build.0 = Debug|Any CPU
		{0F2A9FD4-6FC1-4912-9C8A-72028305A37E}.BundleLinux|x64.ActiveCfg = Debug|Any CPU
		{0F2A9FD4-6FC1-4912-9C8A-72028305A37E}.BundleLinux|x64.Build.0 = Debug|Any CPU
		{0F2A9FD4-6FC1-4912-9C8A-72028305A37E}.Debug-OLD_BINDINGS|Any CPU.ActiveCfg = Debug|Any CPU
		{0F2A9FD4-6FC1-4912-9C8A-72028305A37E}.Debug-OLD_BINDINGS|Any CPU.Build.0 = Debug|Any CPU
		{301F793C-130B-44EB-A45D-60D5F040B0AD}.Debug|Any CPU.ActiveCfg = Debug|Any CPU
		{301F793C-130B-44EB-A45D-60D5F040B0AD}.Debug|Any CPU.Build.0 = Debug|Any CPU
		{301F793C-130B-44EB-A45D-60D5F040B0AD}.Release|Any CPU.ActiveCfg = Release|Any CPU
		{301F793C-130B-44EB-A45D-60D5F040B0AD}.Release|Any CPU.Build.0 = Release|Any CPU
		{301F793C-130B-44EB-A45D-60D5F040B0AD}.Debug|x86.ActiveCfg = Debug|Any CPU
		{301F793C-130B-44EB-A45D-60D5F040B0AD}.Debug|x86.Build.0 = Debug|Any CPU
		{301F793C-130B-44EB-A45D-60D5F040B0AD}.Release|x86.ActiveCfg = Release|Any CPU
		{301F793C-130B-44EB-A45D-60D5F040B0AD}.Release|x86.Build.0 = Release|Any CPU
		{301F793C-130B-44EB-A45D-60D5F040B0AD}.Debug|x64.ActiveCfg = Debug|Any CPU
		{301F793C-130B-44EB-A45D-60D5F040B0AD}.Debug|x64.Build.0 = Debug|Any CPU
		{301F793C-130B-44EB-A45D-60D5F040B0AD}.Release|x64.ActiveCfg = Release|Any CPU
		{301F793C-130B-44EB-A45D-60D5F040B0AD}.Release|x64.Build.0 = Release|Any CPU
		{301F793C-130B-44EB-A45D-60D5F040B0AD}.BundleLinux|Any CPU.ActiveCfg = Debug|Any CPU
		{301F793C-130B-44EB-A45D-60D5F040B0AD}.BundleLinux|Any CPU.Build.0 = Debug|Any CPU
		{301F793C-130B-44EB-A45D-60D5F040B0AD}.BundleLinux|x86.ActiveCfg = Debug|Any CPU
		{301F793C-130B-44EB-A45D-60D5F040B0AD}.BundleLinux|x86.Build.0 = Debug|Any CPU
		{301F793C-130B-44EB-A45D-60D5F040B0AD}.BundleLinux|x64.ActiveCfg = Debug|Any CPU
		{301F793C-130B-44EB-A45D-60D5F040B0AD}.BundleLinux|x64.Build.0 = Debug|Any CPU
		{301F793C-130B-44EB-A45D-60D5F040B0AD}.Debug-OLD_BINDINGS|Any CPU.ActiveCfg = Debug|Any CPU
		{301F793C-130B-44EB-A45D-60D5F040B0AD}.Debug-OLD_BINDINGS|Any CPU.Build.0 = Debug|Any CPU
		{F22749B2-E35B-455D-BD8D-081373B16FC7}.Debug|Any CPU.ActiveCfg = Debug|Any CPU
		{F22749B2-E35B-455D-BD8D-081373B16FC7}.Debug|Any CPU.Build.0 = Debug|Any CPU
		{F22749B2-E35B-455D-BD8D-081373B16FC7}.Release|Any CPU.ActiveCfg = Release|Any CPU
		{F22749B2-E35B-455D-BD8D-081373B16FC7}.Release|Any CPU.Build.0 = Release|Any CPU
		{F22749B2-E35B-455D-BD8D-081373B16FC7}.Debug|x86.ActiveCfg = Debug|Any CPU
		{F22749B2-E35B-455D-BD8D-081373B16FC7}.Debug|x86.Build.0 = Debug|Any CPU
		{F22749B2-E35B-455D-BD8D-081373B16FC7}.Release|x86.ActiveCfg = Release|Any CPU
		{F22749B2-E35B-455D-BD8D-081373B16FC7}.Release|x86.Build.0 = Release|Any CPU
		{F22749B2-E35B-455D-BD8D-081373B16FC7}.Debug|x64.ActiveCfg = Debug|Any CPU
		{F22749B2-E35B-455D-BD8D-081373B16FC7}.Debug|x64.Build.0 = Debug|Any CPU
		{F22749B2-E35B-455D-BD8D-081373B16FC7}.Release|x64.ActiveCfg = Release|Any CPU
		{F22749B2-E35B-455D-BD8D-081373B16FC7}.Release|x64.Build.0 = Release|Any CPU
		{F22749B2-E35B-455D-BD8D-081373B16FC7}.BundleLinux|Any CPU.ActiveCfg = Debug|Any CPU
		{F22749B2-E35B-455D-BD8D-081373B16FC7}.BundleLinux|Any CPU.Build.0 = Debug|Any CPU
		{F22749B2-E35B-455D-BD8D-081373B16FC7}.BundleLinux|x86.ActiveCfg = Debug|Any CPU
		{F22749B2-E35B-455D-BD8D-081373B16FC7}.BundleLinux|x86.Build.0 = Debug|Any CPU
		{F22749B2-E35B-455D-BD8D-081373B16FC7}.BundleLinux|x64.ActiveCfg = Debug|Any CPU
		{F22749B2-E35B-455D-BD8D-081373B16FC7}.BundleLinux|x64.Build.0 = Debug|Any CPU
		{F22749B2-E35B-455D-BD8D-081373B16FC7}.Debug-OLD_BINDINGS|Any CPU.ActiveCfg = Debug|Any CPU
		{F22749B2-E35B-455D-BD8D-081373B16FC7}.Debug-OLD_BINDINGS|Any CPU.Build.0 = Debug|Any CPU
		{42708CEE-08D8-43D5-AFE0-9992EB46E9F9}.Debug|Any CPU.ActiveCfg = Debug|Any CPU
		{42708CEE-08D8-43D5-AFE0-9992EB46E9F9}.Debug|Any CPU.Build.0 = Debug|Any CPU
		{42708CEE-08D8-43D5-AFE0-9992EB46E9F9}.Release|Any CPU.ActiveCfg = Release|Any CPU
		{42708CEE-08D8-43D5-AFE0-9992EB46E9F9}.Release|Any CPU.Build.0 = Release|Any CPU
		{42708CEE-08D8-43D5-AFE0-9992EB46E9F9}.Debug|x86.ActiveCfg = Debug|Any CPU
		{42708CEE-08D8-43D5-AFE0-9992EB46E9F9}.Debug|x86.Build.0 = Debug|Any CPU
		{42708CEE-08D8-43D5-AFE0-9992EB46E9F9}.Release|x86.ActiveCfg = Release|Any CPU
		{42708CEE-08D8-43D5-AFE0-9992EB46E9F9}.Release|x86.Build.0 = Release|Any CPU
		{42708CEE-08D8-43D5-AFE0-9992EB46E9F9}.Debug|x64.ActiveCfg = Debug|Any CPU
		{42708CEE-08D8-43D5-AFE0-9992EB46E9F9}.Debug|x64.Build.0 = Debug|Any CPU
		{42708CEE-08D8-43D5-AFE0-9992EB46E9F9}.Release|x64.ActiveCfg = Release|Any CPU
		{42708CEE-08D8-43D5-AFE0-9992EB46E9F9}.Release|x64.Build.0 = Release|Any CPU
		{42708CEE-08D8-43D5-AFE0-9992EB46E9F9}.BundleLinux|Any CPU.ActiveCfg = Debug|Any CPU
		{42708CEE-08D8-43D5-AFE0-9992EB46E9F9}.BundleLinux|Any CPU.Build.0 = Debug|Any CPU
		{42708CEE-08D8-43D5-AFE0-9992EB46E9F9}.BundleLinux|x86.ActiveCfg = Debug|Any CPU
		{42708CEE-08D8-43D5-AFE0-9992EB46E9F9}.BundleLinux|x86.Build.0 = Debug|Any CPU
		{42708CEE-08D8-43D5-AFE0-9992EB46E9F9}.BundleLinux|x64.ActiveCfg = Debug|Any CPU
		{42708CEE-08D8-43D5-AFE0-9992EB46E9F9}.BundleLinux|x64.Build.0 = Debug|Any CPU
		{42708CEE-08D8-43D5-AFE0-9992EB46E9F9}.Debug-OLD_BINDINGS|Any CPU.ActiveCfg = Debug|Any CPU
		{42708CEE-08D8-43D5-AFE0-9992EB46E9F9}.Debug-OLD_BINDINGS|Any CPU.Build.0 = Debug|Any CPU
		{6A9581B0-7278-4F8D-B5EA-8C60BDDC55D8}.Debug|Any CPU.ActiveCfg = Debug|Any CPU
		{6A9581B0-7278-4F8D-B5EA-8C60BDDC55D8}.Debug|Any CPU.Build.0 = Debug|Any CPU
		{6A9581B0-7278-4F8D-B5EA-8C60BDDC55D8}.Release|Any CPU.ActiveCfg = Release|Any CPU
		{6A9581B0-7278-4F8D-B5EA-8C60BDDC55D8}.Release|Any CPU.Build.0 = Release|Any CPU
		{6A9581B0-7278-4F8D-B5EA-8C60BDDC55D8}.Debug|x86.ActiveCfg = Debug|Any CPU
		{6A9581B0-7278-4F8D-B5EA-8C60BDDC55D8}.Debug|x86.Build.0 = Debug|Any CPU
		{6A9581B0-7278-4F8D-B5EA-8C60BDDC55D8}.Release|x86.ActiveCfg = Release|Any CPU
		{6A9581B0-7278-4F8D-B5EA-8C60BDDC55D8}.Release|x86.Build.0 = Release|Any CPU
		{6A9581B0-7278-4F8D-B5EA-8C60BDDC55D8}.Debug|x64.ActiveCfg = Debug|Any CPU
		{6A9581B0-7278-4F8D-B5EA-8C60BDDC55D8}.Debug|x64.Build.0 = Debug|Any CPU
		{6A9581B0-7278-4F8D-B5EA-8C60BDDC55D8}.Release|x64.ActiveCfg = Release|Any CPU
		{6A9581B0-7278-4F8D-B5EA-8C60BDDC55D8}.Release|x64.Build.0 = Release|Any CPU
		{6A9581B0-7278-4F8D-B5EA-8C60BDDC55D8}.BundleLinux|Any CPU.ActiveCfg = Debug|Any CPU
		{6A9581B0-7278-4F8D-B5EA-8C60BDDC55D8}.BundleLinux|Any CPU.Build.0 = Debug|Any CPU
		{6A9581B0-7278-4F8D-B5EA-8C60BDDC55D8}.BundleLinux|x86.ActiveCfg = Debug|Any CPU
		{6A9581B0-7278-4F8D-B5EA-8C60BDDC55D8}.BundleLinux|x86.Build.0 = Debug|Any CPU
		{6A9581B0-7278-4F8D-B5EA-8C60BDDC55D8}.BundleLinux|x64.ActiveCfg = Debug|Any CPU
		{6A9581B0-7278-4F8D-B5EA-8C60BDDC55D8}.BundleLinux|x64.Build.0 = Debug|Any CPU
		{6A9581B0-7278-4F8D-B5EA-8C60BDDC55D8}.Debug-OLD_BINDINGS|Any CPU.ActiveCfg = Debug|Any CPU
		{6A9581B0-7278-4F8D-B5EA-8C60BDDC55D8}.Debug-OLD_BINDINGS|Any CPU.Build.0 = Debug|Any CPU
		{72968EF4-2127-45C7-9BFE-2470DACDDC3E}.Debug|Any CPU.ActiveCfg = Debug|Any CPU
		{72968EF4-2127-45C7-9BFE-2470DACDDC3E}.Debug|Any CPU.Build.0 = Debug|Any CPU
		{72968EF4-2127-45C7-9BFE-2470DACDDC3E}.Release|Any CPU.ActiveCfg = Release|Any CPU
		{72968EF4-2127-45C7-9BFE-2470DACDDC3E}.Release|Any CPU.Build.0 = Release|Any CPU
		{72968EF4-2127-45C7-9BFE-2470DACDDC3E}.Debug|x86.ActiveCfg = Debug|Any CPU
		{72968EF4-2127-45C7-9BFE-2470DACDDC3E}.Debug|x86.Build.0 = Debug|Any CPU
		{72968EF4-2127-45C7-9BFE-2470DACDDC3E}.Release|x86.ActiveCfg = Release|Any CPU
		{72968EF4-2127-45C7-9BFE-2470DACDDC3E}.Release|x86.Build.0 = Release|Any CPU
		{72968EF4-2127-45C7-9BFE-2470DACDDC3E}.Debug|x64.ActiveCfg = Debug|Any CPU
		{72968EF4-2127-45C7-9BFE-2470DACDDC3E}.Debug|x64.Build.0 = Debug|Any CPU
		{72968EF4-2127-45C7-9BFE-2470DACDDC3E}.Release|x64.ActiveCfg = Release|Any CPU
		{72968EF4-2127-45C7-9BFE-2470DACDDC3E}.Release|x64.Build.0 = Release|Any CPU
		{72968EF4-2127-45C7-9BFE-2470DACDDC3E}.BundleLinux|Any CPU.ActiveCfg = Debug|Any CPU
		{72968EF4-2127-45C7-9BFE-2470DACDDC3E}.BundleLinux|Any CPU.Build.0 = Debug|Any CPU
		{72968EF4-2127-45C7-9BFE-2470DACDDC3E}.BundleLinux|x86.ActiveCfg = Debug|Any CPU
		{72968EF4-2127-45C7-9BFE-2470DACDDC3E}.BundleLinux|x86.Build.0 = Debug|Any CPU
		{72968EF4-2127-45C7-9BFE-2470DACDDC3E}.BundleLinux|x64.ActiveCfg = Debug|Any CPU
		{72968EF4-2127-45C7-9BFE-2470DACDDC3E}.BundleLinux|x64.Build.0 = Debug|Any CPU
		{72968EF4-2127-45C7-9BFE-2470DACDDC3E}.Debug-OLD_BINDINGS|Any CPU.ActiveCfg = Debug|Any CPU
		{72968EF4-2127-45C7-9BFE-2470DACDDC3E}.Debug-OLD_BINDINGS|Any CPU.Build.0 = Debug|Any CPU
		{5735D438-792E-40CE-BAFD-25814C8879BC}.Debug|Any CPU.ActiveCfg = Debug|Any CPU
		{5735D438-792E-40CE-BAFD-25814C8879BC}.Debug|Any CPU.Build.0 = Debug|Any CPU
		{5735D438-792E-40CE-BAFD-25814C8879BC}.Release|Any CPU.ActiveCfg = Release|Any CPU
		{5735D438-792E-40CE-BAFD-25814C8879BC}.Release|Any CPU.Build.0 = Release|Any CPU
		{5735D438-792E-40CE-BAFD-25814C8879BC}.Debug|x86.ActiveCfg = Debug|Any CPU
		{5735D438-792E-40CE-BAFD-25814C8879BC}.Debug|x86.Build.0 = Debug|Any CPU
		{5735D438-792E-40CE-BAFD-25814C8879BC}.Release|x86.ActiveCfg = Release|Any CPU
		{5735D438-792E-40CE-BAFD-25814C8879BC}.Release|x86.Build.0 = Release|Any CPU
		{5735D438-792E-40CE-BAFD-25814C8879BC}.Debug|x64.ActiveCfg = Debug|Any CPU
		{5735D438-792E-40CE-BAFD-25814C8879BC}.Debug|x64.Build.0 = Debug|Any CPU
		{5735D438-792E-40CE-BAFD-25814C8879BC}.Release|x64.ActiveCfg = Release|Any CPU
		{5735D438-792E-40CE-BAFD-25814C8879BC}.Release|x64.Build.0 = Release|Any CPU
		{5735D438-792E-40CE-BAFD-25814C8879BC}.BundleLinux|Any CPU.ActiveCfg = Debug|Any CPU
		{5735D438-792E-40CE-BAFD-25814C8879BC}.BundleLinux|Any CPU.Build.0 = Debug|Any CPU
		{5735D438-792E-40CE-BAFD-25814C8879BC}.BundleLinux|x86.ActiveCfg = Debug|Any CPU
		{5735D438-792E-40CE-BAFD-25814C8879BC}.BundleLinux|x86.Build.0 = Debug|Any CPU
		{5735D438-792E-40CE-BAFD-25814C8879BC}.BundleLinux|x64.ActiveCfg = Debug|Any CPU
		{5735D438-792E-40CE-BAFD-25814C8879BC}.BundleLinux|x64.Build.0 = Debug|Any CPU
		{5735D438-792E-40CE-BAFD-25814C8879BC}.Debug-OLD_BINDINGS|Any CPU.ActiveCfg = Debug|Any CPU
		{5735D438-792E-40CE-BAFD-25814C8879BC}.Debug-OLD_BINDINGS|Any CPU.Build.0 = Debug|Any CPU
		{9EBC7EFD-CD37-45D3-97AB-24CB38D986B6}.Debug|Any CPU.ActiveCfg = Debug|Any CPU
		{9EBC7EFD-CD37-45D3-97AB-24CB38D986B6}.Debug|Any CPU.Build.0 = Debug|Any CPU
		{9EBC7EFD-CD37-45D3-97AB-24CB38D986B6}.Release|Any CPU.ActiveCfg = Release|Any CPU
		{9EBC7EFD-CD37-45D3-97AB-24CB38D986B6}.Release|Any CPU.Build.0 = Release|Any CPU
		{9EBC7EFD-CD37-45D3-97AB-24CB38D986B6}.Debug|x86.ActiveCfg = Debug|Any CPU
		{9EBC7EFD-CD37-45D3-97AB-24CB38D986B6}.Debug|x86.Build.0 = Debug|Any CPU
		{9EBC7EFD-CD37-45D3-97AB-24CB38D986B6}.Release|x86.ActiveCfg = Release|Any CPU
		{9EBC7EFD-CD37-45D3-97AB-24CB38D986B6}.Release|x86.Build.0 = Release|Any CPU
		{9EBC7EFD-CD37-45D3-97AB-24CB38D986B6}.Debug|x64.ActiveCfg = Debug|Any CPU
		{9EBC7EFD-CD37-45D3-97AB-24CB38D986B6}.Debug|x64.Build.0 = Debug|Any CPU
		{9EBC7EFD-CD37-45D3-97AB-24CB38D986B6}.Release|x64.ActiveCfg = Release|Any CPU
		{9EBC7EFD-CD37-45D3-97AB-24CB38D986B6}.Release|x64.Build.0 = Release|Any CPU
		{9EBC7EFD-CD37-45D3-97AB-24CB38D986B6}.BundleLinux|Any CPU.ActiveCfg = Debug|Any CPU
		{9EBC7EFD-CD37-45D3-97AB-24CB38D986B6}.BundleLinux|Any CPU.Build.0 = Debug|Any CPU
		{9EBC7EFD-CD37-45D3-97AB-24CB38D986B6}.BundleLinux|x86.ActiveCfg = Debug|Any CPU
		{9EBC7EFD-CD37-45D3-97AB-24CB38D986B6}.BundleLinux|x86.Build.0 = Debug|Any CPU
		{9EBC7EFD-CD37-45D3-97AB-24CB38D986B6}.BundleLinux|x64.ActiveCfg = Debug|Any CPU
		{9EBC7EFD-CD37-45D3-97AB-24CB38D986B6}.BundleLinux|x64.Build.0 = Debug|Any CPU
		{9EBC7EFD-CD37-45D3-97AB-24CB38D986B6}.Debug-OLD_BINDINGS|Any CPU.ActiveCfg = Debug|Any CPU
		{9EBC7EFD-CD37-45D3-97AB-24CB38D986B6}.Debug-OLD_BINDINGS|Any CPU.Build.0 = Debug|Any CPU
		{76858A6F-44D1-44E0-B9F3-B80B1B96AD25}.Debug|Any CPU.ActiveCfg = Debug|Any CPU
		{76858A6F-44D1-44E0-B9F3-B80B1B96AD25}.Debug|Any CPU.Build.0 = Debug|Any CPU
		{76858A6F-44D1-44E0-B9F3-B80B1B96AD25}.Release|Any CPU.ActiveCfg = Release|Any CPU
		{76858A6F-44D1-44E0-B9F3-B80B1B96AD25}.Release|Any CPU.Build.0 = Release|Any CPU
		{76858A6F-44D1-44E0-B9F3-B80B1B96AD25}.Debug|x86.ActiveCfg = Debug|Any CPU
		{76858A6F-44D1-44E0-B9F3-B80B1B96AD25}.Debug|x86.Build.0 = Debug|Any CPU
		{76858A6F-44D1-44E0-B9F3-B80B1B96AD25}.Release|x86.ActiveCfg = Release|Any CPU
		{76858A6F-44D1-44E0-B9F3-B80B1B96AD25}.Release|x86.Build.0 = Release|Any CPU
		{76858A6F-44D1-44E0-B9F3-B80B1B96AD25}.Debug|x64.ActiveCfg = Debug|Any CPU
		{76858A6F-44D1-44E0-B9F3-B80B1B96AD25}.Debug|x64.Build.0 = Debug|Any CPU
		{76858A6F-44D1-44E0-B9F3-B80B1B96AD25}.Release|x64.ActiveCfg = Release|Any CPU
		{76858A6F-44D1-44E0-B9F3-B80B1B96AD25}.Release|x64.Build.0 = Release|Any CPU
		{76858A6F-44D1-44E0-B9F3-B80B1B96AD25}.BundleLinux|Any CPU.ActiveCfg = Debug|Any CPU
		{76858A6F-44D1-44E0-B9F3-B80B1B96AD25}.BundleLinux|Any CPU.Build.0 = Debug|Any CPU
		{76858A6F-44D1-44E0-B9F3-B80B1B96AD25}.BundleLinux|x86.ActiveCfg = Debug|Any CPU
		{76858A6F-44D1-44E0-B9F3-B80B1B96AD25}.BundleLinux|x86.Build.0 = Debug|Any CPU
		{76858A6F-44D1-44E0-B9F3-B80B1B96AD25}.BundleLinux|x64.ActiveCfg = Debug|Any CPU
		{76858A6F-44D1-44E0-B9F3-B80B1B96AD25}.BundleLinux|x64.Build.0 = Debug|Any CPU
		{76858A6F-44D1-44E0-B9F3-B80B1B96AD25}.Debug-OLD_BINDINGS|Any CPU.ActiveCfg = Debug|Any CPU
		{76858A6F-44D1-44E0-B9F3-B80B1B96AD25}.Debug-OLD_BINDINGS|Any CPU.Build.0 = Debug|Any CPU
		{769710D2-BF98-4120-9E07-67BD740CFA1D}.Debug|Any CPU.ActiveCfg = Debug|Any CPU
		{769710D2-BF98-4120-9E07-67BD740CFA1D}.Debug|Any CPU.Build.0 = Debug|Any CPU
		{769710D2-BF98-4120-9E07-67BD740CFA1D}.Release|Any CPU.ActiveCfg = Release|Any CPU
		{769710D2-BF98-4120-9E07-67BD740CFA1D}.Release|Any CPU.Build.0 = Release|Any CPU
		{769710D2-BF98-4120-9E07-67BD740CFA1D}.Debug|x86.ActiveCfg = Debug|Any CPU
		{769710D2-BF98-4120-9E07-67BD740CFA1D}.Debug|x86.Build.0 = Debug|Any CPU
		{769710D2-BF98-4120-9E07-67BD740CFA1D}.Release|x86.ActiveCfg = Release|Any CPU
		{769710D2-BF98-4120-9E07-67BD740CFA1D}.Release|x86.Build.0 = Release|Any CPU
		{769710D2-BF98-4120-9E07-67BD740CFA1D}.Debug|x64.ActiveCfg = Debug|Any CPU
		{769710D2-BF98-4120-9E07-67BD740CFA1D}.Debug|x64.Build.0 = Debug|Any CPU
		{769710D2-BF98-4120-9E07-67BD740CFA1D}.Release|x64.ActiveCfg = Release|Any CPU
		{769710D2-BF98-4120-9E07-67BD740CFA1D}.Release|x64.Build.0 = Release|Any CPU
		{769710D2-BF98-4120-9E07-67BD740CFA1D}.BundleLinux|Any CPU.ActiveCfg = Debug|Any CPU
		{769710D2-BF98-4120-9E07-67BD740CFA1D}.BundleLinux|Any CPU.Build.0 = Debug|Any CPU
		{769710D2-BF98-4120-9E07-67BD740CFA1D}.BundleLinux|x86.ActiveCfg = Debug|Any CPU
		{769710D2-BF98-4120-9E07-67BD740CFA1D}.BundleLinux|x86.Build.0 = Debug|Any CPU
		{769710D2-BF98-4120-9E07-67BD740CFA1D}.BundleLinux|x64.ActiveCfg = Debug|Any CPU
		{769710D2-BF98-4120-9E07-67BD740CFA1D}.BundleLinux|x64.Build.0 = Debug|Any CPU
		{769710D2-BF98-4120-9E07-67BD740CFA1D}.Debug-OLD_BINDINGS|Any CPU.ActiveCfg = Debug|Any CPU
		{769710D2-BF98-4120-9E07-67BD740CFA1D}.Debug-OLD_BINDINGS|Any CPU.Build.0 = Debug|Any CPU
		{8984DB2F-4849-4F5B-915C-CE69537E93A8}.Debug|Any CPU.ActiveCfg = Debug|Any CPU
		{8984DB2F-4849-4F5B-915C-CE69537E93A8}.Debug|Any CPU.Build.0 = Debug|Any CPU
		{8984DB2F-4849-4F5B-915C-CE69537E93A8}.Release|Any CPU.ActiveCfg = Release|Any CPU
		{8984DB2F-4849-4F5B-915C-CE69537E93A8}.Release|Any CPU.Build.0 = Release|Any CPU
		{8984DB2F-4849-4F5B-915C-CE69537E93A8}.Debug|x86.ActiveCfg = Debug|Any CPU
		{8984DB2F-4849-4F5B-915C-CE69537E93A8}.Debug|x86.Build.0 = Debug|Any CPU
		{8984DB2F-4849-4F5B-915C-CE69537E93A8}.Release|x86.ActiveCfg = Release|Any CPU
		{8984DB2F-4849-4F5B-915C-CE69537E93A8}.Release|x86.Build.0 = Release|Any CPU
		{8984DB2F-4849-4F5B-915C-CE69537E93A8}.Debug|x64.ActiveCfg = Debug|Any CPU
		{8984DB2F-4849-4F5B-915C-CE69537E93A8}.Debug|x64.Build.0 = Debug|Any CPU
		{8984DB2F-4849-4F5B-915C-CE69537E93A8}.Release|x64.ActiveCfg = Release|Any CPU
		{8984DB2F-4849-4F5B-915C-CE69537E93A8}.Release|x64.Build.0 = Release|Any CPU
		{8984DB2F-4849-4F5B-915C-CE69537E93A8}.BundleLinux|Any CPU.ActiveCfg = Debug|Any CPU
		{8984DB2F-4849-4F5B-915C-CE69537E93A8}.BundleLinux|Any CPU.Build.0 = Debug|Any CPU
		{8984DB2F-4849-4F5B-915C-CE69537E93A8}.BundleLinux|x86.ActiveCfg = Debug|Any CPU
		{8984DB2F-4849-4F5B-915C-CE69537E93A8}.BundleLinux|x86.Build.0 = Debug|Any CPU
		{8984DB2F-4849-4F5B-915C-CE69537E93A8}.BundleLinux|x64.ActiveCfg = Debug|Any CPU
		{8984DB2F-4849-4F5B-915C-CE69537E93A8}.BundleLinux|x64.Build.0 = Debug|Any CPU
		{8984DB2F-4849-4F5B-915C-CE69537E93A8}.Debug-OLD_BINDINGS|Any CPU.ActiveCfg = Debug|Any CPU
		{8984DB2F-4849-4F5B-915C-CE69537E93A8}.Debug-OLD_BINDINGS|Any CPU.Build.0 = Debug|Any CPU
		{13970AEE-1019-4962-A8C7-899D350E0F10}.Debug|Any CPU.ActiveCfg = Debug|Any CPU
		{13970AEE-1019-4962-A8C7-899D350E0F10}.Debug|Any CPU.Build.0 = Debug|Any CPU
		{13970AEE-1019-4962-A8C7-899D350E0F10}.Release|Any CPU.ActiveCfg = Release|Any CPU
		{13970AEE-1019-4962-A8C7-899D350E0F10}.Release|Any CPU.Build.0 = Release|Any CPU
		{13970AEE-1019-4962-A8C7-899D350E0F10}.Debug|x86.ActiveCfg = Debug|Any CPU
		{13970AEE-1019-4962-A8C7-899D350E0F10}.Debug|x86.Build.0 = Debug|Any CPU
		{13970AEE-1019-4962-A8C7-899D350E0F10}.Release|x86.ActiveCfg = Release|Any CPU
		{13970AEE-1019-4962-A8C7-899D350E0F10}.Release|x86.Build.0 = Release|Any CPU
		{13970AEE-1019-4962-A8C7-899D350E0F10}.Debug|x64.ActiveCfg = Debug|Any CPU
		{13970AEE-1019-4962-A8C7-899D350E0F10}.Debug|x64.Build.0 = Debug|Any CPU
		{13970AEE-1019-4962-A8C7-899D350E0F10}.Release|x64.ActiveCfg = Release|Any CPU
		{13970AEE-1019-4962-A8C7-899D350E0F10}.Release|x64.Build.0 = Release|Any CPU
		{13970AEE-1019-4962-A8C7-899D350E0F10}.BundleLinux|Any CPU.ActiveCfg = Debug|Any CPU
		{13970AEE-1019-4962-A8C7-899D350E0F10}.BundleLinux|Any CPU.Build.0 = Debug|Any CPU
		{13970AEE-1019-4962-A8C7-899D350E0F10}.BundleLinux|x86.ActiveCfg = Debug|Any CPU
		{13970AEE-1019-4962-A8C7-899D350E0F10}.BundleLinux|x86.Build.0 = Debug|Any CPU
		{13970AEE-1019-4962-A8C7-899D350E0F10}.BundleLinux|x64.ActiveCfg = Debug|Any CPU
		{13970AEE-1019-4962-A8C7-899D350E0F10}.BundleLinux|x64.Build.0 = Debug|Any CPU
		{13970AEE-1019-4962-A8C7-899D350E0F10}.Debug-OLD_BINDINGS|Any CPU.ActiveCfg = Debug|Any CPU
		{13970AEE-1019-4962-A8C7-899D350E0F10}.Debug-OLD_BINDINGS|Any CPU.Build.0 = Debug|Any CPU
		{BC159BA7-EF22-4800-AC34-DE4B2B386AAE}.Debug|Any CPU.ActiveCfg = Debug|Any CPU
		{BC159BA7-EF22-4800-AC34-DE4B2B386AAE}.Debug|Any CPU.Build.0 = Debug|Any CPU
		{BC159BA7-EF22-4800-AC34-DE4B2B386AAE}.Release|Any CPU.ActiveCfg = Release|Any CPU
		{BC159BA7-EF22-4800-AC34-DE4B2B386AAE}.Release|Any CPU.Build.0 = Release|Any CPU
		{BC159BA7-EF22-4800-AC34-DE4B2B386AAE}.Debug|x86.ActiveCfg = Debug|Any CPU
		{BC159BA7-EF22-4800-AC34-DE4B2B386AAE}.Debug|x86.Build.0 = Debug|Any CPU
		{BC159BA7-EF22-4800-AC34-DE4B2B386AAE}.Release|x86.ActiveCfg = Release|Any CPU
		{BC159BA7-EF22-4800-AC34-DE4B2B386AAE}.Release|x86.Build.0 = Release|Any CPU
		{BC159BA7-EF22-4800-AC34-DE4B2B386AAE}.Debug|x64.ActiveCfg = Debug|Any CPU
		{BC159BA7-EF22-4800-AC34-DE4B2B386AAE}.Debug|x64.Build.0 = Debug|Any CPU
		{BC159BA7-EF22-4800-AC34-DE4B2B386AAE}.Release|x64.ActiveCfg = Release|Any CPU
		{BC159BA7-EF22-4800-AC34-DE4B2B386AAE}.Release|x64.Build.0 = Release|Any CPU
		{BC159BA7-EF22-4800-AC34-DE4B2B386AAE}.BundleLinux|Any CPU.ActiveCfg = Debug|Any CPU
		{BC159BA7-EF22-4800-AC34-DE4B2B386AAE}.BundleLinux|Any CPU.Build.0 = Debug|Any CPU
		{BC159BA7-EF22-4800-AC34-DE4B2B386AAE}.BundleLinux|x86.ActiveCfg = Debug|Any CPU
		{BC159BA7-EF22-4800-AC34-DE4B2B386AAE}.BundleLinux|x86.Build.0 = Debug|Any CPU
		{BC159BA7-EF22-4800-AC34-DE4B2B386AAE}.BundleLinux|x64.ActiveCfg = Debug|Any CPU
		{BC159BA7-EF22-4800-AC34-DE4B2B386AAE}.BundleLinux|x64.Build.0 = Debug|Any CPU
		{BC159BA7-EF22-4800-AC34-DE4B2B386AAE}.Debug-OLD_BINDINGS|Any CPU.ActiveCfg = Debug|Any CPU
		{BC159BA7-EF22-4800-AC34-DE4B2B386AAE}.Debug-OLD_BINDINGS|Any CPU.Build.0 = Debug|Any CPU
		{C01AE5A4-3CFF-4C7B-884D-45B07ACDE761}.Debug|Any CPU.ActiveCfg = Debug|Any CPU
		{C01AE5A4-3CFF-4C7B-884D-45B07ACDE761}.Debug|Any CPU.Build.0 = Debug|Any CPU
		{C01AE5A4-3CFF-4C7B-884D-45B07ACDE761}.Release|Any CPU.ActiveCfg = Release|Any CPU
		{C01AE5A4-3CFF-4C7B-884D-45B07ACDE761}.Release|Any CPU.Build.0 = Release|Any CPU
		{C01AE5A4-3CFF-4C7B-884D-45B07ACDE761}.Debug|x86.ActiveCfg = Debug|Any CPU
		{C01AE5A4-3CFF-4C7B-884D-45B07ACDE761}.Debug|x86.Build.0 = Debug|Any CPU
		{C01AE5A4-3CFF-4C7B-884D-45B07ACDE761}.Release|x86.ActiveCfg = Release|Any CPU
		{C01AE5A4-3CFF-4C7B-884D-45B07ACDE761}.Release|x86.Build.0 = Release|Any CPU
		{C01AE5A4-3CFF-4C7B-884D-45B07ACDE761}.Debug|x64.ActiveCfg = Debug|Any CPU
		{C01AE5A4-3CFF-4C7B-884D-45B07ACDE761}.Debug|x64.Build.0 = Debug|Any CPU
		{C01AE5A4-3CFF-4C7B-884D-45B07ACDE761}.Release|x64.ActiveCfg = Release|Any CPU
		{C01AE5A4-3CFF-4C7B-884D-45B07ACDE761}.Release|x64.Build.0 = Release|Any CPU
		{C01AE5A4-3CFF-4C7B-884D-45B07ACDE761}.BundleLinux|Any CPU.ActiveCfg = Debug|Any CPU
		{C01AE5A4-3CFF-4C7B-884D-45B07ACDE761}.BundleLinux|Any CPU.Build.0 = Debug|Any CPU
		{C01AE5A4-3CFF-4C7B-884D-45B07ACDE761}.BundleLinux|x86.ActiveCfg = Debug|Any CPU
		{C01AE5A4-3CFF-4C7B-884D-45B07ACDE761}.BundleLinux|x86.Build.0 = Debug|Any CPU
		{C01AE5A4-3CFF-4C7B-884D-45B07ACDE761}.BundleLinux|x64.ActiveCfg = Debug|Any CPU
		{C01AE5A4-3CFF-4C7B-884D-45B07ACDE761}.BundleLinux|x64.Build.0 = Debug|Any CPU
		{C01AE5A4-3CFF-4C7B-884D-45B07ACDE761}.Debug-OLD_BINDINGS|Any CPU.ActiveCfg = Debug|Any CPU
		{C01AE5A4-3CFF-4C7B-884D-45B07ACDE761}.Debug-OLD_BINDINGS|Any CPU.Build.0 = Debug|Any CPU
		{5EF2A7DA-3886-4809-95DF-880BD783A211}.Debug|Any CPU.ActiveCfg = Debug|Any CPU
		{5EF2A7DA-3886-4809-95DF-880BD783A211}.Debug|Any CPU.Build.0 = Debug|Any CPU
		{5EF2A7DA-3886-4809-95DF-880BD783A211}.Release|Any CPU.ActiveCfg = Release|Any CPU
		{5EF2A7DA-3886-4809-95DF-880BD783A211}.Release|Any CPU.Build.0 = Release|Any CPU
		{5EF2A7DA-3886-4809-95DF-880BD783A211}.Debug|x86.ActiveCfg = Debug|Any CPU
		{5EF2A7DA-3886-4809-95DF-880BD783A211}.Debug|x86.Build.0 = Debug|Any CPU
		{5EF2A7DA-3886-4809-95DF-880BD783A211}.Release|x86.ActiveCfg = Release|Any CPU
		{5EF2A7DA-3886-4809-95DF-880BD783A211}.Release|x86.Build.0 = Release|Any CPU
		{5EF2A7DA-3886-4809-95DF-880BD783A211}.Debug|x64.ActiveCfg = Debug|Any CPU
		{5EF2A7DA-3886-4809-95DF-880BD783A211}.Debug|x64.Build.0 = Debug|Any CPU
		{5EF2A7DA-3886-4809-95DF-880BD783A211}.Release|x64.ActiveCfg = Release|Any CPU
		{5EF2A7DA-3886-4809-95DF-880BD783A211}.Release|x64.Build.0 = Release|Any CPU
		{5EF2A7DA-3886-4809-95DF-880BD783A211}.BundleLinux|Any CPU.ActiveCfg = Debug|Any CPU
		{5EF2A7DA-3886-4809-95DF-880BD783A211}.BundleLinux|Any CPU.Build.0 = Debug|Any CPU
		{5EF2A7DA-3886-4809-95DF-880BD783A211}.BundleLinux|x86.ActiveCfg = Debug|Any CPU
		{5EF2A7DA-3886-4809-95DF-880BD783A211}.BundleLinux|x86.Build.0 = Debug|Any CPU
		{5EF2A7DA-3886-4809-95DF-880BD783A211}.BundleLinux|x64.ActiveCfg = Debug|Any CPU
		{5EF2A7DA-3886-4809-95DF-880BD783A211}.BundleLinux|x64.Build.0 = Debug|Any CPU
		{5EF2A7DA-3886-4809-95DF-880BD783A211}.Debug-OLD_BINDINGS|Any CPU.ActiveCfg = Debug|Any CPU
		{5EF2A7DA-3886-4809-95DF-880BD783A211}.Debug-OLD_BINDINGS|Any CPU.Build.0 = Debug|Any CPU
		{CD7C5CDE-F402-4BA8-952B-9CCEFD1BD648}.Debug|Any CPU.ActiveCfg = Debug|Any CPU
		{CD7C5CDE-F402-4BA8-952B-9CCEFD1BD648}.Debug|Any CPU.Build.0 = Debug|Any CPU
		{CD7C5CDE-F402-4BA8-952B-9CCEFD1BD648}.Release|Any CPU.ActiveCfg = Release|Any CPU
		{CD7C5CDE-F402-4BA8-952B-9CCEFD1BD648}.Release|Any CPU.Build.0 = Release|Any CPU
		{CD7C5CDE-F402-4BA8-952B-9CCEFD1BD648}.Debug|x86.ActiveCfg = Debug|Any CPU
		{CD7C5CDE-F402-4BA8-952B-9CCEFD1BD648}.Debug|x86.Build.0 = Debug|Any CPU
		{CD7C5CDE-F402-4BA8-952B-9CCEFD1BD648}.Release|x86.ActiveCfg = Release|Any CPU
		{CD7C5CDE-F402-4BA8-952B-9CCEFD1BD648}.Release|x86.Build.0 = Release|Any CPU
		{CD7C5CDE-F402-4BA8-952B-9CCEFD1BD648}.Debug|x64.ActiveCfg = Debug|Any CPU
		{CD7C5CDE-F402-4BA8-952B-9CCEFD1BD648}.Debug|x64.Build.0 = Debug|Any CPU
		{CD7C5CDE-F402-4BA8-952B-9CCEFD1BD648}.Release|x64.ActiveCfg = Release|Any CPU
		{CD7C5CDE-F402-4BA8-952B-9CCEFD1BD648}.Release|x64.Build.0 = Release|Any CPU
		{CD7C5CDE-F402-4BA8-952B-9CCEFD1BD648}.BundleLinux|Any CPU.ActiveCfg = Debug|Any CPU
		{CD7C5CDE-F402-4BA8-952B-9CCEFD1BD648}.BundleLinux|Any CPU.Build.0 = Debug|Any CPU
		{CD7C5CDE-F402-4BA8-952B-9CCEFD1BD648}.BundleLinux|x86.ActiveCfg = Debug|Any CPU
		{CD7C5CDE-F402-4BA8-952B-9CCEFD1BD648}.BundleLinux|x86.Build.0 = Debug|Any CPU
		{CD7C5CDE-F402-4BA8-952B-9CCEFD1BD648}.BundleLinux|x64.ActiveCfg = Debug|Any CPU
		{CD7C5CDE-F402-4BA8-952B-9CCEFD1BD648}.BundleLinux|x64.Build.0 = Debug|Any CPU
		{CD7C5CDE-F402-4BA8-952B-9CCEFD1BD648}.Debug-OLD_BINDINGS|Any CPU.ActiveCfg = Debug|Any CPU
		{CD7C5CDE-F402-4BA8-952B-9CCEFD1BD648}.Debug-OLD_BINDINGS|Any CPU.Build.0 = Debug|Any CPU
	EndGlobalSection
	GlobalSection(NestedProjects) = preSolution
		{6F734571-AD4F-4D8A-8CF0-1D94394889A3} = {4467A4F1-8949-4130-9D61-71C2B5700530}
		{AED7339A-4A71-4063-9C67-0D54821230A3} = {4467A4F1-8949-4130-9D61-71C2B5700530}
		{D21C0F94-5B1B-49E1-A5B0-50C3F99287E2} = {4467A4F1-8949-4130-9D61-71C2B5700530}
		{AD329D59-938D-42AC-ABE2-B0F14FDBB7C6} = {4467A4F1-8949-4130-9D61-71C2B5700530}
		{55CD5E7C-3164-4A5D-9DA8-F29F5E9D170C} = {4467A4F1-8949-4130-9D61-71C2B5700530}
		{EB71A9A6-2A91-49B5-B8E1-B4B7049B039D} = {4467A4F1-8949-4130-9D61-71C2B5700530}
		{54F958F5-7E58-4C89-9A04-8835E63B97C3} = {99D0EADB-C40D-4BF9-BDE0-0293E9A5E0F9}
		{8D85E430-325A-4532-A123-BF28F9644DB4} = {99D0EADB-C40D-4BF9-BDE0-0293E9A5E0F9}
		{B171BCCF-638F-4ECC-A3E2-32393232C451} = {99D0EADB-C40D-4BF9-BDE0-0293E9A5E0F9}
		{C47D4BD7-10AF-42F5-9B58-12AF2E7A4C54} = {99D0EADB-C40D-4BF9-BDE0-0293E9A5E0F9}
		{921488F1-F4FC-4438-920E-86E57442B253} = {B171BCCF-638F-4ECC-A3E2-32393232C451}
		{C97E91F4-B310-44E2-9B6C-96775395722D} = {B171BCCF-638F-4ECC-A3E2-32393232C451}
		{D9F4197F-52D2-49F0-8DAF-E2884733CF2D} = {B171BCCF-638F-4ECC-A3E2-32393232C451}
		{9C9ECACA-0DEB-4517-8CF1-02C3D3EB128E} = {B171BCCF-638F-4ECC-A3E2-32393232C451}
		{190CEA0D-EA23-4C91-8030-203A5AFED7B7} = {C47D4BD7-10AF-42F5-9B58-12AF2E7A4C54}
		{1BF2A638-420D-456C-96A7-36873A0FB894} = {C47D4BD7-10AF-42F5-9B58-12AF2E7A4C54}
		{301F793C-130B-44EB-A45D-60D5F040B0AD} = {4467A4F1-8949-4130-9D61-71C2B5700530}
		{F22749B2-E35B-455D-BD8D-081373B16FC7} = {4467A4F1-8949-4130-9D61-71C2B5700530}
		{5735D438-792E-40CE-BAFD-25814C8879BC} = {C47D4BD7-10AF-42F5-9B58-12AF2E7A4C54}
	EndGlobalSection
	GlobalSection(MonoDevelopProperties) = preSolution
		Policies = $0
		$0.NameConventionPolicy = $1
		$1.Rules = $2
		$2.NamingRule = $3
		$3.Name = Type Parameters
		$3.AffectedEntity = TypeParameter
		$3.VisibilityMask = VisibilityMask
		$3.NamingStyle = PascalCase
		$3.IncludeInstanceMembers = True
		$3.IncludeStaticEntities = True
		$3.RequiredPrefixes = $24
		$24.String = T
		$3.RequiredSuffixes = $25
		$25.String = Exception
		$2.NamingRule = $4
		$4.Name = Types
		$4.AffectedEntity = Class, Struct, Enum, Delegate
		$4.VisibilityMask = Public
		$4.NamingStyle = PascalCase
		$4.IncludeInstanceMembers = True
		$4.IncludeStaticEntities = True
		$2.NamingRule = $5
		$5.Name = Interfaces
		$5.RequiredPrefixes = $6
		$6.String = I
		$5.AffectedEntity = Interface
		$5.VisibilityMask = Public
		$5.NamingStyle = PascalCase
		$5.IncludeInstanceMembers = True
		$5.IncludeStaticEntities = True
		$2.NamingRule = $7
		$7.Name = Attributes
		$7.RequiredSuffixes = $8
		$8.String = Attribute
		$7.AffectedEntity = CustomAttributes
		$7.VisibilityMask = Public
		$7.NamingStyle = PascalCase
		$7.IncludeInstanceMembers = True
		$7.IncludeStaticEntities = True
		$2.NamingRule = $9
		$9.Name = Event Arguments
		$9.RequiredSuffixes = $10
		$10.String = EventArgs
		$9.AffectedEntity = CustomEventArgs
		$9.VisibilityMask = Public
		$9.NamingStyle = PascalCase
		$9.IncludeInstanceMembers = True
		$9.IncludeStaticEntities = True
		$2.NamingRule = $11
		$11.Name = Exceptions
		$11.RequiredSuffixes = $12
		$12.String = Exception
		$11.AffectedEntity = CustomExceptions
		$11.VisibilityMask = VisibilityMask
		$11.NamingStyle = PascalCase
		$11.IncludeInstanceMembers = True
		$11.IncludeStaticEntities = True
		$2.NamingRule = $13
		$13.Name = Methods
		$13.AffectedEntity = Methods
		$13.VisibilityMask = Protected, Public
		$13.NamingStyle = PascalCase
		$13.IncludeInstanceMembers = True
		$13.IncludeStaticEntities = True
		$2.NamingRule = $14
		$14.Name = Static Readonly Fields
		$14.AffectedEntity = ReadonlyField
		$14.VisibilityMask = Protected, Public
		$14.NamingStyle = PascalCase
		$14.IncludeInstanceMembers = False
		$14.IncludeStaticEntities = True
		$2.NamingRule = $15
		$15.Name = Fields
		$15.AffectedEntity = Field
		$15.VisibilityMask = Protected, Public
		$15.NamingStyle = PascalCase
		$15.IncludeInstanceMembers = True
		$15.IncludeStaticEntities = True
		$2.NamingRule = $16
		$16.Name = ReadOnly Fields
		$16.AffectedEntity = ReadonlyField
		$16.VisibilityMask = Protected, Public
		$16.NamingStyle = PascalCase
		$16.IncludeInstanceMembers = True
		$16.IncludeStaticEntities = False
		$2.NamingRule = $17
		$17.Name = Constant Fields
		$17.AffectedEntity = ConstantField
		$17.VisibilityMask = Protected, Public
		$17.NamingStyle = PascalCase
		$17.IncludeInstanceMembers = True
		$17.IncludeStaticEntities = True
		$2.NamingRule = $18
		$18.Name = Properties
		$18.AffectedEntity = Property
		$18.VisibilityMask = Protected, Public
		$18.NamingStyle = PascalCase
		$18.IncludeInstanceMembers = True
		$18.IncludeStaticEntities = True
		$2.NamingRule = $19
		$19.Name = Events
		$19.AffectedEntity = Event
		$19.VisibilityMask = Protected, Public
		$19.NamingStyle = PascalCase
		$19.IncludeInstanceMembers = True
		$19.IncludeStaticEntities = True
		$2.NamingRule = $20
		$20.Name = Enum Members
		$20.AffectedEntity = EnumMember
		$20.VisibilityMask = VisibilityMask
		$20.NamingStyle = PascalCase
		$20.IncludeInstanceMembers = True
		$20.IncludeStaticEntities = True
		$2.NamingRule = $21
		$21.Name = Parameters
		$21.AffectedEntity = Parameter
		$21.VisibilityMask = VisibilityMask
		$21.NamingStyle = CamelCase
		$21.IncludeInstanceMembers = True
		$21.IncludeStaticEntities = True
		$2.NamingRule = $22
		$22.Name = Type Parameters
		$22.RequiredPrefixes = $23
		$23.String = T
		$22.AffectedEntity = TypeParameter
		$22.VisibilityMask = VisibilityMask
		$22.NamingStyle = PascalCase
		$22.IncludeInstanceMembers = True
		$22.IncludeStaticEntities = True
		$0.DotNetNamingPolicy = $26
		$26.DirectoryNamespaceAssociation = Hierarchical
		$0.StandardHeader = $27
		$0.TextStylePolicy = $28
		$28.FileWidth = 80
		$28.EolMarker = Unix
		$28.scope = text/x-csharp
		$0.CSharpFormattingPolicy = $29
		$29.NewLinesForBracesInProperties = False
		$29.NewLinesForBracesInAccessors = False
		$29.NewLinesForBracesInAnonymousMethods = False
		$29.NewLinesForBracesInControlBlocks = False
		$29.NewLinesForBracesInAnonymousTypes = False
		$29.NewLinesForBracesInObjectCollectionArrayInitializers = False
		$29.NewLinesForBracesInLambdaExpressionBody = False
		$29.scope = text/x-csharp
		$0.TextStylePolicy = $30
		$30.FileWidth = 80
		$30.TabsToSpaces = True
		$30.scope = text/plain
	EndGlobalSection
EndGlobal
