
Microsoft Visual Studio Solution File, Format Version 12.00
# Visual Studio Version 17
VisualStudioVersion = 17.9.34723.18
MinimumVisualStudioVersion = 10.0.40219.1
Project("{9A19103F-16F7-4668-BE54-9A1E7A4F7556}") = "QS.Project.Core", "QS.Project.Core\QS.Project.Core.csproj", "{C01AE5A4-3CFF-4C7B-884D-45B07ACDE761}"
EndProject
Project("{9A19103F-16F7-4668-BE54-9A1E7A4F7556}") = "QS.Cloud.Client", "QS.Cloud.Client\QS.Cloud.Client.csproj", "{07719CDB-8555-461F-94BB-59DD2B1D01E7}"
EndProject
Project("{9A19103F-16F7-4668-BE54-9A1E7A4F7556}") = "QS.Updater.Core", "QS.Updater.Core\QS.Updater.Core.csproj", "{BC159BA7-EF22-4800-AC34-DE4B2B386AAE}"
EndProject
Project("{9A19103F-16F7-4668-BE54-9A1E7A4F7556}") = "QS.LibsTest.Core", "QS.LibsTest.Core\QS.LibsTest.Core.csproj", "{FB5B38E7-9FDE-488B-8717-F43E97C73EAF}"
EndProject
Project("{9A19103F-16F7-4668-BE54-9A1E7A4F7556}") = "QS.Project.Desktop", "QS.Project.Desktop\QS.Project.Desktop.csproj", "{5EF2A7DA-3886-4809-95DF-880BD783A211}"
EndProject
Project("{9A19103F-16F7-4668-BE54-9A1E7A4F7556}") = "QS.Testing", "QS.Testing\QS.Testing.csproj", "{BA8E8ACF-ECB0-4617-9E09-D1BE93992D0E}"
EndProject
Project("{2150E333-8FDC-42A3-9474-1A3956D46DE8}") = "Binding", "Binding", "{E1ECF467-0AD6-4EEB-9C0D-2F793E6DA01D}"
EndProject
Project("{9A19103F-16F7-4668-BE54-9A1E7A4F7556}") = "Gamma.Utilities", "Binding\Gamma.Utilities\Gamma.Utilities.csproj", "{1BF2A638-420D-456C-96A7-36873A0FB894}"
EndProject
Project("{9A19103F-16F7-4668-BE54-9A1E7A4F7556}") = "QS.Utilities", "QS.Utilities\QS.Utilities.csproj", "{E2228A2B-4883-4DD8-8A05-23501F7B8A33}"
EndProject
Project("{9A19103F-16F7-4668-BE54-9A1E7A4F7556}") = "QS.BaseParameters", "QS.BaseParameters\QS.BaseParameters.csproj", "{A869EC36-67D2-4A36-95E9-0B1E7350928F}"
EndProject
Project("{9A19103F-16F7-4668-BE54-9A1E7A4F7556}") = "QS.ErrorReporting.Client", "QS.ErrorReporting.Client\QS.ErrorReporting.Client.csproj", "{BABA2CB7-6EFE-4B1B-9324-74CBCBACF257}"
EndProject
Project("{9A19103F-16F7-4668-BE54-9A1E7A4F7556}") = "QS.Features", "QS.Features\QS.Features.csproj", "{8984DB2F-4849-4F5B-915C-CE69537E93A8}"
EndProject
Project("{9A19103F-16F7-4668-BE54-9A1E7A4F7556}") = "QS.HistoryLog", "QS.HistoryLog\QS.HistoryLog.csproj", "{3D3D6700-C625-46C5-9702-5F010A8DD035}"
EndProject
Project("{2150E333-8FDC-42A3-9474-1A3956D46DE8}") = "Modules", "Modules", "{7FE3C597-F9E0-43BE-BF73-142234C00C19}"
EndProject
Project("{9A19103F-16F7-4668-BE54-9A1E7A4F7556}") = "QS.BusinessCommon", "Modules\QS.BusinessCommon\QS.BusinessCommon.csproj", "{F22749B2-E35B-455D-BD8D-081373B16FC7}"
EndProject
Project("{9A19103F-16F7-4668-BE54-9A1E7A4F7556}") = "QS.Report.Core", "QS.Report.Core\QS.Report.Core.csproj", "{3E194A95-AC31-43D0-B93D-64164402A6DD}"
EndProject
Project("{9A19103F-16F7-4668-BE54-9A1E7A4F7556}") = "QS.Updates.Client", "QS.Updates.Client\QS.Updates.Client.csproj", "{08451B0A-4E72-4B12-B422-B36E9047DCAF}"
EndProject
Project("{9A19103F-16F7-4668-BE54-9A1E7A4F7556}") = "QS.Updater.App", "QS.Updater.App\QS.Updater.App.csproj", "{45929A9F-7D94-4E85-9332-6CB7B2D5A03A}"
EndProject
Project("{9A19103F-16F7-4668-BE54-9A1E7A4F7556}") = "QS.Configuration", "QS.Configuration\QS.Configuration.csproj", "{5D124360-C8FB-4779-958B-0DA5D6B90C29}"
EndProject
Project("{9A19103F-16F7-4668-BE54-9A1E7A4F7556}") = "QS.Updater.Desktop", "QS.Updater.Desktop\QS.Updater.Desktop.csproj", "{C776EE5A-1795-439B-BB7D-9AB1B20EEAC4}"
EndProject
Project("{9A19103F-16F7-4668-BE54-9A1E7A4F7556}") = "QS.Project.Abstract", "QS.Project.Abstract\QS.Project.Abstract.csproj", "{E95BE5DC-A197-4657-87DC-A2D677EADB76}"
EndProject
Project("{9A19103F-16F7-4668-BE54-9A1E7A4F7556}") = "QS.ErrorReporting", "QS.ErrorReporting\QS.ErrorReporting.csproj", "{7BAFF136-4379-4D1D-A554-7DC340CAF7A2}"
EndProject
Project("{9A19103F-16F7-4668-BE54-9A1E7A4F7556}") = "QS.Extensions.Observable", "QS.Extensions.Observable\QS.Extensions.Observable.csproj", "{2A0710B2-B71B-4959-88DA-0940100E172A}"
EndProject
Project("{9A19103F-16F7-4668-BE54-9A1E7A4F7556}") = "QS.Testing.Desktop", "QS.Testing.Desktop\QS.Testing.Desktop.csproj", "{924723A9-C7F1-4DC1-B5A9-D8A5A86BDCC2}"
EndProject
Project("{9A19103F-16F7-4668-BE54-9A1E7A4F7556}") = "QS.Project.Avalonia", "QS.Project.Avalonia\QS.Project.Avalonia.csproj", "{74BB6681-2F4C-4D08-9B7C-1FA2B07A3E62}"
EndProject
Global
	GlobalSection(SolutionConfigurationPlatforms) = preSolution
		Debug|Any CPU = Debug|Any CPU
		Release|Any CPU = Release|Any CPU
	EndGlobalSection
	GlobalSection(ProjectConfigurationPlatforms) = postSolution
		{C01AE5A4-3CFF-4C7B-884D-45B07ACDE761}.Debug|Any CPU.ActiveCfg = Debug|Any CPU
		{C01AE5A4-3CFF-4C7B-884D-45B07ACDE761}.Debug|Any CPU.Build.0 = Debug|Any CPU
		{C01AE5A4-3CFF-4C7B-884D-45B07ACDE761}.Release|Any CPU.ActiveCfg = Release|Any CPU
		{C01AE5A4-3CFF-4C7B-884D-45B07ACDE761}.Release|Any CPU.Build.0 = Release|Any CPU
		{07719CDB-8555-461F-94BB-59DD2B1D01E7}.Debug|Any CPU.ActiveCfg = Debug|Any CPU
		{07719CDB-8555-461F-94BB-59DD2B1D01E7}.Debug|Any CPU.Build.0 = Debug|Any CPU
		{07719CDB-8555-461F-94BB-59DD2B1D01E7}.Release|Any CPU.ActiveCfg = Release|Any CPU
		{07719CDB-8555-461F-94BB-59DD2B1D01E7}.Release|Any CPU.Build.0 = Release|Any CPU
		{BC159BA7-EF22-4800-AC34-DE4B2B386AAE}.Debug|Any CPU.ActiveCfg = Debug|Any CPU
		{BC159BA7-EF22-4800-AC34-DE4B2B386AAE}.Debug|Any CPU.Build.0 = Debug|Any CPU
		{BC159BA7-EF22-4800-AC34-DE4B2B386AAE}.Release|Any CPU.ActiveCfg = Release|Any CPU
		{BC159BA7-EF22-4800-AC34-DE4B2B386AAE}.Release|Any CPU.Build.0 = Release|Any CPU
		{FB5B38E7-9FDE-488B-8717-F43E97C73EAF}.Debug|Any CPU.ActiveCfg = Debug|Any CPU
		{FB5B38E7-9FDE-488B-8717-F43E97C73EAF}.Debug|Any CPU.Build.0 = Debug|Any CPU
		{FB5B38E7-9FDE-488B-8717-F43E97C73EAF}.Release|Any CPU.ActiveCfg = Release|Any CPU
		{FB5B38E7-9FDE-488B-8717-F43E97C73EAF}.Release|Any CPU.Build.0 = Release|Any CPU
		{5EF2A7DA-3886-4809-95DF-880BD783A211}.Debug|Any CPU.ActiveCfg = Debug|Any CPU
		{5EF2A7DA-3886-4809-95DF-880BD783A211}.Debug|Any CPU.Build.0 = Debug|Any CPU
		{5EF2A7DA-3886-4809-95DF-880BD783A211}.Release|Any CPU.ActiveCfg = Release|Any CPU
		{5EF2A7DA-3886-4809-95DF-880BD783A211}.Release|Any CPU.Build.0 = Release|Any CPU
		{BA8E8ACF-ECB0-4617-9E09-D1BE93992D0E}.Debug|Any CPU.ActiveCfg = Debug|Any CPU
		{BA8E8ACF-ECB0-4617-9E09-D1BE93992D0E}.Debug|Any CPU.Build.0 = Debug|Any CPU
		{BA8E8ACF-ECB0-4617-9E09-D1BE93992D0E}.Release|Any CPU.ActiveCfg = Release|Any CPU
		{BA8E8ACF-ECB0-4617-9E09-D1BE93992D0E}.Release|Any CPU.Build.0 = Release|Any CPU
		{1BF2A638-420D-456C-96A7-36873A0FB894}.Debug|Any CPU.ActiveCfg = Debug|Any CPU
		{1BF2A638-420D-456C-96A7-36873A0FB894}.Debug|Any CPU.Build.0 = Debug|Any CPU
		{1BF2A638-420D-456C-96A7-36873A0FB894}.Release|Any CPU.ActiveCfg = Release|Any CPU
		{1BF2A638-420D-456C-96A7-36873A0FB894}.Release|Any CPU.Build.0 = Release|Any CPU
		{E2228A2B-4883-4DD8-8A05-23501F7B8A33}.Debug|Any CPU.ActiveCfg = Debug|Any CPU
		{E2228A2B-4883-4DD8-8A05-23501F7B8A33}.Debug|Any CPU.Build.0 = Debug|Any CPU
		{E2228A2B-4883-4DD8-8A05-23501F7B8A33}.Release|Any CPU.ActiveCfg = Release|Any CPU
		{E2228A2B-4883-4DD8-8A05-23501F7B8A33}.Release|Any CPU.Build.0 = Release|Any CPU
		{A869EC36-67D2-4A36-95E9-0B1E7350928F}.Debug|Any CPU.ActiveCfg = Debug|Any CPU
		{A869EC36-67D2-4A36-95E9-0B1E7350928F}.Debug|Any CPU.Build.0 = Debug|Any CPU
		{A869EC36-67D2-4A36-95E9-0B1E7350928F}.Release|Any CPU.ActiveCfg = Release|Any CPU
		{A869EC36-67D2-4A36-95E9-0B1E7350928F}.Release|Any CPU.Build.0 = Release|Any CPU
		{BABA2CB7-6EFE-4B1B-9324-74CBCBACF257}.Debug|Any CPU.ActiveCfg = Debug|Any CPU
		{BABA2CB7-6EFE-4B1B-9324-74CBCBACF257}.Debug|Any CPU.Build.0 = Debug|Any CPU
		{BABA2CB7-6EFE-4B1B-9324-74CBCBACF257}.Release|Any CPU.ActiveCfg = Release|Any CPU
		{BABA2CB7-6EFE-4B1B-9324-74CBCBACF257}.Release|Any CPU.Build.0 = Release|Any CPU
		{8984DB2F-4849-4F5B-915C-CE69537E93A8}.Debug|Any CPU.ActiveCfg = Debug|Any CPU
		{8984DB2F-4849-4F5B-915C-CE69537E93A8}.Debug|Any CPU.Build.0 = Debug|Any CPU
		{8984DB2F-4849-4F5B-915C-CE69537E93A8}.Release|Any CPU.ActiveCfg = Release|Any CPU
		{8984DB2F-4849-4F5B-915C-CE69537E93A8}.Release|Any CPU.Build.0 = Release|Any CPU
		{3D3D6700-C625-46C5-9702-5F010A8DD035}.Debug|Any CPU.ActiveCfg = Debug|Any CPU
		{3D3D6700-C625-46C5-9702-5F010A8DD035}.Debug|Any CPU.Build.0 = Debug|Any CPU
		{3D3D6700-C625-46C5-9702-5F010A8DD035}.Release|Any CPU.ActiveCfg = Release|Any CPU
		{3D3D6700-C625-46C5-9702-5F010A8DD035}.Release|Any CPU.Build.0 = Release|Any CPU
		{F22749B2-E35B-455D-BD8D-081373B16FC7}.Debug|Any CPU.ActiveCfg = Debug|Any CPU
		{F22749B2-E35B-455D-BD8D-081373B16FC7}.Debug|Any CPU.Build.0 = Debug|Any CPU
		{F22749B2-E35B-455D-BD8D-081373B16FC7}.Release|Any CPU.ActiveCfg = Release|Any CPU
		{F22749B2-E35B-455D-BD8D-081373B16FC7}.Release|Any CPU.Build.0 = Release|Any CPU
		{3E194A95-AC31-43D0-B93D-64164402A6DD}.Debug|Any CPU.ActiveCfg = Debug|Any CPU
		{3E194A95-AC31-43D0-B93D-64164402A6DD}.Debug|Any CPU.Build.0 = Debug|Any CPU
		{3E194A95-AC31-43D0-B93D-64164402A6DD}.Release|Any CPU.ActiveCfg = Release|Any CPU
		{3E194A95-AC31-43D0-B93D-64164402A6DD}.Release|Any CPU.Build.0 = Release|Any CPU
		{08451B0A-4E72-4B12-B422-B36E9047DCAF}.Debug|Any CPU.ActiveCfg = Debug|Any CPU
		{08451B0A-4E72-4B12-B422-B36E9047DCAF}.Debug|Any CPU.Build.0 = Debug|Any CPU
		{08451B0A-4E72-4B12-B422-B36E9047DCAF}.Release|Any CPU.ActiveCfg = Release|Any CPU
		{08451B0A-4E72-4B12-B422-B36E9047DCAF}.Release|Any CPU.Build.0 = Release|Any CPU
		{45929A9F-7D94-4E85-9332-6CB7B2D5A03A}.Debug|Any CPU.ActiveCfg = Debug|Any CPU
		{45929A9F-7D94-4E85-9332-6CB7B2D5A03A}.Debug|Any CPU.Build.0 = Debug|Any CPU
		{45929A9F-7D94-4E85-9332-6CB7B2D5A03A}.Release|Any CPU.ActiveCfg = Release|Any CPU
		{45929A9F-7D94-4E85-9332-6CB7B2D5A03A}.Release|Any CPU.Build.0 = Release|Any CPU
		{5D124360-C8FB-4779-958B-0DA5D6B90C29}.Debug|Any CPU.ActiveCfg = Debug|Any CPU
		{5D124360-C8FB-4779-958B-0DA5D6B90C29}.Debug|Any CPU.Build.0 = Debug|Any CPU
		{5D124360-C8FB-4779-958B-0DA5D6B90C29}.Release|Any CPU.ActiveCfg = Release|Any CPU
		{5D124360-C8FB-4779-958B-0DA5D6B90C29}.Release|Any CPU.Build.0 = Release|Any CPU
		{C776EE5A-1795-439B-BB7D-9AB1B20EEAC4}.Debug|Any CPU.ActiveCfg = Debug|Any CPU
		{C776EE5A-1795-439B-BB7D-9AB1B20EEAC4}.Debug|Any CPU.Build.0 = Debug|Any CPU
		{C776EE5A-1795-439B-BB7D-9AB1B20EEAC4}.Release|Any CPU.ActiveCfg = Release|Any CPU
		{C776EE5A-1795-439B-BB7D-9AB1B20EEAC4}.Release|Any CPU.Build.0 = Release|Any CPU
		{E95BE5DC-A197-4657-87DC-A2D677EADB76}.Debug|Any CPU.ActiveCfg = Debug|Any CPU
		{E95BE5DC-A197-4657-87DC-A2D677EADB76}.Debug|Any CPU.Build.0 = Debug|Any CPU
		{E95BE5DC-A197-4657-87DC-A2D677EADB76}.Release|Any CPU.ActiveCfg = Release|Any CPU
		{E95BE5DC-A197-4657-87DC-A2D677EADB76}.Release|Any CPU.Build.0 = Release|Any CPU
		{7BAFF136-4379-4D1D-A554-7DC340CAF7A2}.Debug|Any CPU.ActiveCfg = Debug|Any CPU
		{7BAFF136-4379-4D1D-A554-7DC340CAF7A2}.Debug|Any CPU.Build.0 = Debug|Any CPU
		{7BAFF136-4379-4D1D-A554-7DC340CAF7A2}.Release|Any CPU.ActiveCfg = Release|Any CPU
		{7BAFF136-4379-4D1D-A554-7DC340CAF7A2}.Release|Any CPU.Build.0 = Release|Any CPU
		{2A0710B2-B71B-4959-88DA-0940100E172A}.Debug|Any CPU.ActiveCfg = Debug|Any CPU
		{2A0710B2-B71B-4959-88DA-0940100E172A}.Debug|Any CPU.Build.0 = Debug|Any CPU
		{2A0710B2-B71B-4959-88DA-0940100E172A}.Release|Any CPU.ActiveCfg = Release|Any CPU
		{2A0710B2-B71B-4959-88DA-0940100E172A}.Release|Any CPU.Build.0 = Release|Any CPU
		{924723A9-C7F1-4DC1-B5A9-D8A5A86BDCC2}.Debug|Any CPU.ActiveCfg = Debug|Any CPU
		{924723A9-C7F1-4DC1-B5A9-D8A5A86BDCC2}.Debug|Any CPU.Build.0 = Debug|Any CPU
		{924723A9-C7F1-4DC1-B5A9-D8A5A86BDCC2}.Release|Any CPU.ActiveCfg = Release|Any CPU
		{924723A9-C7F1-4DC1-B5A9-D8A5A86BDCC2}.Release|Any CPU.Build.0 = Release|Any CPU
		{74BB6681-2F4C-4D08-9B7C-1FA2B07A3E62}.Debug|Any CPU.ActiveCfg = Debug|Any CPU
		{74BB6681-2F4C-4D08-9B7C-1FA2B07A3E62}.Debug|Any CPU.Build.0 = Debug|Any CPU
		{74BB6681-2F4C-4D08-9B7C-1FA2B07A3E62}.Release|Any CPU.ActiveCfg = Release|Any CPU
		{74BB6681-2F4C-4D08-9B7C-1FA2B07A3E62}.Release|Any CPU.Build.0 = Release|Any CPU
	EndGlobalSection
	GlobalSection(SolutionProperties) = preSolution
		HideSolutionNode = FALSE
	EndGlobalSection
	GlobalSection(NestedProjects) = preSolution
		{1BF2A638-420D-456C-96A7-36873A0FB894} = {E1ECF467-0AD6-4EEB-9C0D-2F793E6DA01D}
		{F22749B2-E35B-455D-BD8D-081373B16FC7} = {7FE3C597-F9E0-43BE-BF73-142234C00C19}
	EndGlobalSection
	GlobalSection(ExtensibilityGlobals) = postSolution
		SolutionGuid = {792B93A0-80D0-4760-8A1B-7BB268913668}
	EndGlobalSection
EndGlobal
