
Microsoft Visual Studio Solution File, Format Version 11.00
# Visual Studio 2010
Project("{FAE04EC0-301F-11D3-BF4B-00C04F79EFBC}") = "QSProjectsLib", "QSProjectsLib\QSProjectsLib.csproj", "{A6C1914F-7732-49F5-BABA-8BBBA521FAAB}"
EndProject
Project("{FAE04EC0-301F-11D3-BF4B-00C04F79EFBC}") = "QSWidgetLib", "QSWidgetLib\QSWidgetLib.csproj", "{5A2BB01E-E124-432E-8099-D1343D3897B9}"
EndProject
Project("{FAE04EC0-301F-11D3-BF4B-00C04F79EFBC}") = "QSSupportLib", "QSSupportLib\QSSupportLib.csproj", "{9DF71899-3CE4-48F4-B3C3-0B21B15037B1}"
EndProject
Project("{FAE04EC0-301F-11D3-BF4B-00C04F79EFBC}") = "QSReportLib", "QSReportLib\QSReportLib.csproj", "{BB56252B-103C-4EC5-B7A5-35FE3AD6DE10}"
EndProject
Project("{2150E333-8FDC-42A3-9474-1A3956D46DE8}") = "Modules", "Modules", "{4467A4F1-8949-4130-9D61-71C2B5700530}"
EndProject
Project("{FAE04EC0-301F-11D3-BF4B-00C04F79EFBC}") = "QSCustomFields", "Modules\CustomFields\QSCustomFields.csproj", "{6F734571-AD4F-4D8A-8CF0-1D94394889A3}"
EndProject
Project("{FAE04EC0-301F-11D3-BF4B-00C04F79EFBC}") = "QSAttachment", "Modules\QSAttachment\QSAttachment.csproj", "{AED7339A-4A71-4063-9C67-0D54821230A3}"
EndProject
Project("{FAE04EC0-301F-11D3-BF4B-00C04F79EFBC}") = "QSTDI", "QSTDI\QSTDI.csproj", "{4B35C969-8C74-440F-8189-57047C9215FD}"
EndProject
Global
	GlobalSection(SolutionConfigurationPlatforms) = preSolution
		Debug|Any CPU = Debug|Any CPU
		Release|Any CPU = Release|Any CPU
	EndGlobalSection
	GlobalSection(ProjectConfigurationPlatforms) = postSolution
		{4B35C969-8C74-440F-8189-57047C9215FD}.Debug|Any CPU.ActiveCfg = Debug|Any CPU
		{4B35C969-8C74-440F-8189-57047C9215FD}.Debug|Any CPU.Build.0 = Debug|Any CPU
		{4B35C969-8C74-440F-8189-57047C9215FD}.Release|Any CPU.ActiveCfg = Release|Any CPU
		{4B35C969-8C74-440F-8189-57047C9215FD}.Release|Any CPU.Build.0 = Release|Any CPU
		{5A2BB01E-E124-432E-8099-D1343D3897B9}.Debug|Any CPU.ActiveCfg = Debug|Any CPU
		{5A2BB01E-E124-432E-8099-D1343D3897B9}.Debug|Any CPU.Build.0 = Debug|Any CPU
		{5A2BB01E-E124-432E-8099-D1343D3897B9}.Release|Any CPU.ActiveCfg = Release|Any CPU
		{5A2BB01E-E124-432E-8099-D1343D3897B9}.Release|Any CPU.Build.0 = Release|Any CPU
		{6F734571-AD4F-4D8A-8CF0-1D94394889A3}.Debug|Any CPU.ActiveCfg = Debug|Any CPU
		{6F734571-AD4F-4D8A-8CF0-1D94394889A3}.Debug|Any CPU.Build.0 = Debug|Any CPU
		{6F734571-AD4F-4D8A-8CF0-1D94394889A3}.Release|Any CPU.ActiveCfg = Release|Any CPU
		{6F734571-AD4F-4D8A-8CF0-1D94394889A3}.Release|Any CPU.Build.0 = Release|Any CPU
		{9DF71899-3CE4-48F4-B3C3-0B21B15037B1}.Debug|Any CPU.ActiveCfg = Debug|Any CPU
		{9DF71899-3CE4-48F4-B3C3-0B21B15037B1}.Debug|Any CPU.Build.0 = Debug|Any CPU
		{9DF71899-3CE4-48F4-B3C3-0B21B15037B1}.Release|Any CPU.ActiveCfg = Release|Any CPU
		{9DF71899-3CE4-48F4-B3C3-0B21B15037B1}.Release|Any CPU.Build.0 = Release|Any CPU
		{A6C1914F-7732-49F5-BABA-8BBBA521FAAB}.Debug|Any CPU.ActiveCfg = Debug|Any CPU
		{A6C1914F-7732-49F5-BABA-8BBBA521FAAB}.Debug|Any CPU.Build.0 = Debug|Any CPU
		{A6C1914F-7732-49F5-BABA-8BBBA521FAAB}.Release|Any CPU.ActiveCfg = Release|Any CPU
		{A6C1914F-7732-49F5-BABA-8BBBA521FAAB}.Release|Any CPU.Build.0 = Release|Any CPU
		{AED7339A-4A71-4063-9C67-0D54821230A3}.Debug|Any CPU.ActiveCfg = Debug|Any CPU
		{AED7339A-4A71-4063-9C67-0D54821230A3}.Debug|Any CPU.Build.0 = Debug|Any CPU
		{AED7339A-4A71-4063-9C67-0D54821230A3}.Release|Any CPU.ActiveCfg = Release|Any CPU
		{AED7339A-4A71-4063-9C67-0D54821230A3}.Release|Any CPU.Build.0 = Release|Any CPU
		{BB56252B-103C-4EC5-B7A5-35FE3AD6DE10}.Debug|Any CPU.ActiveCfg = Debug|Any CPU
		{BB56252B-103C-4EC5-B7A5-35FE3AD6DE10}.Debug|Any CPU.Build.0 = Debug|Any CPU
		{BB56252B-103C-4EC5-B7A5-35FE3AD6DE10}.Release|Any CPU.ActiveCfg = Release|Any CPU
		{BB56252B-103C-4EC5-B7A5-35FE3AD6DE10}.Release|Any CPU.Build.0 = Release|Any CPU
	EndGlobalSection
	GlobalSection(NestedProjects) = preSolution
		{6F734571-AD4F-4D8A-8CF0-1D94394889A3} = {4467A4F1-8949-4130-9D61-71C2B5700530}
		{AED7339A-4A71-4063-9C67-0D54821230A3} = {4467A4F1-8949-4130-9D61-71C2B5700530}
	EndGlobalSection
	GlobalSection(MonoDevelopProperties) = preSolution
		StartupItem = QSProjectsLib\QSProjectsLib.csproj
	EndGlobalSection
EndGlobal
